// !$*UTF8*$!
{
	archiveVersion = 1;
	classes = {
	};
	objectVersion = 46;
	objects = {

/* Begin PBXBuildFile section */
		63A8C1E81DB5254E007A19A5 /* AppDelegate.m in Sources */ = {isa = PBXBuildFile; fileRef = 63E0561D1DB4666E004757BC /* AppDelegate.m */; };
		63A8C1E91DB5254E007A19A5 /* MyViewController.m in Sources */ = {isa = PBXBuildFile; fileRef = 63E056311DB494C4004757BC /* MyViewController.m */; };
		63A8C1EA1DB5254E007A19A5 /* main.m in Sources */ = {isa = PBXBuildFile; fileRef = 63E0561A1DB4666E004757BC /* main.m */; };
		63A8C1EB1DB52554007A19A5 /* Main.storyboard in Resources */ = {isa = PBXBuildFile; fileRef = 63E056221DB4666F004757BC /* Main.storyboard */; };
		63A8C1EC1DB52554007A19A5 /* Assets.xcassets in Resources */ = {isa = PBXBuildFile; fileRef = 63E056251DB4666F004757BC /* Assets.xcassets */; };
		63A8C1ED1DB52554007A19A5 /* LaunchScreen.storyboard in Resources */ = {isa = PBXBuildFile; fileRef = 63E056271DB4666F004757BC /* LaunchScreen.storyboard */; };
/* End PBXBuildFile section */

/* Begin PBXFileReference section */
		63E056161DB4666E004757BC /* FirstStoryboard.app */ = {isa = PBXFileReference; explicitFileType = wrapper.application; includeInIndex = 0; path = FirstStoryboard.app; sourceTree = BUILT_PRODUCTS_DIR; };
		63E0561A1DB4666E004757BC /* main.m */ = {isa = PBXFileReference; lastKnownFileType = sourcecode.c.objc; path = main.m; sourceTree = "<group>"; };
		63E0561C1DB4666E004757BC /* AppDelegate.h */ = {isa = PBXFileReference; lastKnownFileType = sourcecode.c.h; path = AppDelegate.h; sourceTree = "<group>"; };
		63E0561D1DB4666E004757BC /* AppDelegate.m */ = {isa = PBXFileReference; lastKnownFileType = sourcecode.c.objc; path = AppDelegate.m; sourceTree = "<group>"; };
		63E056231DB4666F004757BC /* Base */ = {isa = PBXFileReference; lastKnownFileType = file.storyboard; name = Base; path = Base.lproj/Main.storyboard; sourceTree = "<group>"; };
		63E056251DB4666F004757BC /* Assets.xcassets */ = {isa = PBXFileReference; lastKnownFileType = folder.assetcatalog; path = Assets.xcassets; sourceTree = "<group>"; };
		63E056281DB4666F004757BC /* Base */ = {isa = PBXFileReference; lastKnownFileType = file.storyboard; name = Base; path = Base.lproj/LaunchScreen.storyboard; sourceTree = "<group>"; };
		63E0562A1DB4666F004757BC /* Info.plist */ = {isa = PBXFileReference; lastKnownFileType = text.plist.xml; path = Info.plist; sourceTree = "<group>"; };
		63E056301DB494C4004757BC /* MyViewController.h */ = {isa = PBXFileReference; fileEncoding = 4; lastKnownFileType = sourcecode.c.h; path = MyViewController.h; sourceTree = "<group>"; };
		63E056311DB494C4004757BC /* MyViewController.m */ = {isa = PBXFileReference; fileEncoding = 4; lastKnownFileType = sourcecode.c.objc; path = MyViewController.m; sourceTree = "<group>"; };
/* End PBXFileReference section */

/* Begin PBXFrameworksBuildPhase section */
		63E056131DB4666E004757BC /* Frameworks */ = {
			isa = PBXFrameworksBuildPhase;
			buildActionMask = 2147483647;
			files = (
			);
			runOnlyForDeploymentPostprocessing = 0;
		};
/* End PBXFrameworksBuildPhase section */

/* Begin PBXGroup section */
		63E0560D1DB4666E004757BC = {
			isa = PBXGroup;
			children = (
				63E056181DB4666E004757BC /* FirstStoryboard */,
				63E056171DB4666E004757BC /* Products */,
			);
			sourceTree = "<group>";
		};
		63E056171DB4666E004757BC /* Products */ = {
			isa = PBXGroup;
			children = (
				63E056161DB4666E004757BC /* FirstStoryboard.app */,
			);
			name = Products;
			sourceTree = "<group>";
		};
		63E056181DB4666E004757BC /* FirstStoryboard */ = {
			isa = PBXGroup;
			children = (
				63E0561C1DB4666E004757BC /* AppDelegate.h */,
				63E0561D1DB4666E004757BC /* AppDelegate.m */,
				63E056301DB494C4004757BC /* MyViewController.h */,
				63E056311DB494C4004757BC /* MyViewController.m */,
				63E056221DB4666F004757BC /* Main.storyboard */,
				63E056251DB4666F004757BC /* Assets.xcassets */,
				63E056271DB4666F004757BC /* LaunchScreen.storyboard */,
				63E0562A1DB4666F004757BC /* Info.plist */,
				63E056191DB4666E004757BC /* Supporting Files */,
			);
			path = FirstStoryboard;
			sourceTree = "<group>";
		};
		63E056191DB4666E004757BC /* Supporting Files */ = {
			isa = PBXGroup;
			children = (
				63E0561A1DB4666E004757BC /* main.m */,
			);
			name = "Supporting Files";
			sourceTree = "<group>";
		};
/* End PBXGroup section */

/* Begin PBXNativeTarget section */
		63E056151DB4666E004757BC /* FirstStoryboard */ = {
			isa = PBXNativeTarget;
			buildConfigurationList = 63E0562D1DB4666F004757BC /* Build configuration list for PBXNativeTarget "FirstStoryboard" */;
			buildPhases = (
				63E056121DB4666E004757BC /* Sources */,
				63E056131DB4666E004757BC /* Frameworks */,
				63E056141DB4666E004757BC /* Resources */,
			);
			buildRules = (
			);
			dependencies = (
			);
			name = FirstStoryboard;
			productName = FirstStoryboard;
			productReference = 63E056161DB4666E004757BC /* FirstStoryboard.app */;
			productType = "com.apple.product-type.application";
		};
/* End PBXNativeTarget section */

/* Begin PBXProject section */
		63E0560E1DB4666E004757BC /* Project object */ = {
			isa = PBXProject;
			attributes = {
				LastUpgradeCheck = 0800;
				ORGANIZATIONNAME = david;
				TargetAttributes = {
					63E056151DB4666E004757BC = {
						CreatedOnToolsVersion = 8.0;
						ProvisioningStyle = Automatic;
					};
				};
			};
			buildConfigurationList = 63E056111DB4666E004757BC /* Build configuration list for PBXProject "FirstStoryboard" */;
			compatibilityVersion = "Xcode 3.2";
			developmentRegion = English;
			hasScannedForEncodings = 0;
			knownRegions = (
				en,
				Base,
			);
			mainGroup = 63E0560D1DB4666E004757BC;
			productRefGroup = 63E056171DB4666E004757BC /* Products */;
			projectDirPath = "";
			projectRoot = "";
			targets = (
				63E056151DB4666E004757BC /* FirstStoryboard */,
			);
		};
/* End PBXProject section */

/* Begin PBXResourcesBuildPhase section */
		63E056141DB4666E004757BC /* Resources */ = {
			isa = PBXResourcesBuildPhase;
			buildActionMask = 2147483647;
			files = (
				63A8C1EB1DB52554007A19A5 /* Main.storyboard in Resources */,
				63A8C1EC1DB52554007A19A5 /* Assets.xcassets in Resources */,
				63A8C1ED1DB52554007A19A5 /* LaunchScreen.storyboard in Resources */,
			);
			runOnlyForDeploymentPostprocessing = 0;
		};
/* End PBXResourcesBuildPhase section */

/* Begin PBXSourcesBuildPhase section */
		63E056121DB4666E004757BC /* Sources */ = {
			isa = PBXSourcesBuildPhase;
			buildActionMask = 2147483647;
			files = (
				63A8C1E81DB5254E007A19A5 /* AppDelegate.m in Sources */,
				63A8C1E91DB5254E007A19A5 /* MyViewController.m in Sources */,
				63A8C1EA1DB5254E007A19A5 /* main.m in Sources */,
			);
			runOnlyForDeploymentPostprocessing = 0;
		};
/* End PBXSourcesBuildPhase section */

/* Begin PBXVariantGroup section */
		63E056221DB4666F004757BC /* Main.storyboard */ = {
			isa = PBXVariantGroup;
			children = (
				63E056231DB4666F004757BC /* Base */,
			);
			name = Main.storyboard;
			sourceTree = "<group>";
		};
		63E056271DB4666F004757BC /* LaunchScreen.storyboard */ = {
			isa = PBXVariantGroup;
			children = (
				63E056281DB4666F004757BC /* Base */,
			);
			name = LaunchScreen.storyboard;
			sourceTree = "<group>";
		};
/* End PBXVariantGroup section */

/* Begin XCBuildConfiguration section */
		63E0562B1DB4666F004757BC /* Debug */ = {
			isa = XCBuildConfiguration;
			buildSettings = {
				ALWAYS_SEARCH_USER_PATHS = NO;
				CLANG_ANALYZER_NONNULL = YES;
				CLANG_CXX_LANGUAGE_STANDARD = "gnu++0x";
				CLANG_CXX_LIBRARY = "libc++";
				CLANG_ENABLE_MODULES = YES;
				CLANG_ENABLE_OBJC_ARC = YES;
				CLANG_WARN_BOOL_CONVERSION = YES;
				CLANG_WARN_CONSTANT_CONVERSION = YES;
				CLANG_WARN_DIRECT_OBJC_ISA_USAGE = YES_ERROR;
				CLANG_WARN_DOCUMENTATION_COMMENTS = YES;
				CLANG_WARN_EMPTY_BODY = YES;
				CLANG_WARN_ENUM_CONVERSION = YES;
				CLANG_WARN_INFINITE_RECURSION = YES;
				CLANG_WARN_INT_CONVERSION = YES;
				CLANG_WARN_OBJC_ROOT_CLASS = YES_ERROR;
				CLANG_WARN_SUSPICIOUS_MOVES = YES;
				CLANG_WARN_UNREACHABLE_CODE = YES;
				CLANG_WARN__DUPLICATE_METHOD_MATCH = YES;
				"CODE_SIGN_IDENTITY[sdk=iphoneos*]" = "iPhone Developer";
				COPY_PHASE_STRIP = NO;
				DEBUG_INFORMATION_FORMAT = dwarf;
				ENABLE_STRICT_OBJC_MSGSEND = YES;
				ENABLE_TESTABILITY = YES;
				GCC_C_LANGUAGE_STANDARD = gnu99;
				GCC_DYNAMIC_NO_PIC = NO;
				GCC_NO_COMMON_BLOCKS = YES;
				GCC_OPTIMIZATION_LEVEL = 0;
				GCC_PREPROCESSOR_DEFINITIONS = (
					"DEBUG=1",
					"$(inherited)",
				);
				GCC_WARN_64_TO_32_BIT_CONVERSION = YES;
				GCC_WARN_ABOUT_RETURN_TYPE = YES_ERROR;
				GCC_WARN_UNDECLARED_SELECTOR = YES;
				GCC_WARN_UNINITIALIZED_AUTOS = YES_AGGRESSIVE;
				GCC_WARN_UNUSED_FUNCTION = YES;
				GCC_WARN_UNUSED_VARIABLE = YES;
				IPHONEOS_DEPLOYMENT_TARGET = 10.0;
				MTL_ENABLE_DEBUG_INFO = YES;
				ONLY_ACTIVE_ARCH = YES;
				SDKROOT = iphoneos;
			};
			name = Debug;
		};
		63E0562C1DB4666F004757BC /* Release */ = {
			isa = XCBuildConfiguration;
			buildSettings = {
				ALWAYS_SEARCH_USER_PATHS = NO;
				CLANG_ANALYZER_NONNULL = YES;
				CLANG_CXX_LANGUAGE_STANDARD = "gnu++0x";
				CLANG_CXX_LIBRARY = "libc++";
				CLANG_ENABLE_MODULES = YES;
				CLANG_ENABLE_OBJC_ARC = YES;
				CLANG_WARN_BOOL_CONVERSION = YES;
				CLANG_WARN_CONSTANT_CONVERSION = YES;
				CLANG_WARN_DIRECT_OBJC_ISA_USAGE = YES_ERROR;
				CLANG_WARN_DOCUMENTATION_COMMENTS = YES;
				CLANG_WARN_EMPTY_BODY = YES;
				CLANG_WARN_ENUM_CONVERSION = YES;
				CLANG_WARN_INFINITE_RECURSION = YES;
				CLANG_WARN_INT_CONVERSION = YES;
				CLANG_WARN_OBJC_ROOT_CLASS = YES_ERROR;
				CLANG_WARN_SUSPICIOUS_MOVES = YES;
				CLANG_WARN_UNREACHABLE_CODE = YES;
				CLANG_WARN__DUPLICATE_METHOD_MATCH = YES;
				"CODE_SIGN_IDENTITY[sdk=iphoneos*]" = "iPhone Developer";
				COPY_PHASE_STRIP = NO;
				DEBUG_INFORMATION_FORMAT = "dwarf-with-dsym";
				ENABLE_NS_ASSERTIONS = NO;
				ENABLE_STRICT_OBJC_MSGSEND = YES;
				GCC_C_LANGUAGE_STANDARD = gnu99;
				GCC_NO_COMMON_BLOCKS = YES;
				GCC_WARN_64_TO_32_BIT_CONVERSION = YES;
				GCC_WARN_ABOUT_RETURN_TYPE = YES_ERROR;
				GCC_WARN_UNDECLARED_SELECTOR = YES;
				GCC_WARN_UNINITIALIZED_AUTOS = YES_AGGRESSIVE;
				GCC_WARN_UNUSED_FUNCTION = YES;
				GCC_WARN_UNUSED_VARIABLE = YES;
				IPHONEOS_DEPLOYMENT_TARGET = 10.0;
				MTL_ENABLE_DEBUG_INFO = NO;
				SDKROOT = iphoneos;
				VALIDATE_PRODUCT = YES;
			};
			name = Release;
		};
		63E0562E1DB4666F004757BC /* Debug */ = {
			isa = XCBuildConfiguration;
			buildSettings = {
				ASSETCATALOG_COMPILER_APPICON_NAME = AppIcon;
				INFOPLIST_FILE = FirstStoryboard/Info.plist;
				LD_RUNPATH_SEARCH_PATHS = "$(inherited) @executable_path/Frameworks";
				PRODUCT_BUNDLE_IDENTIFIER = com.lyhonghwa.FirstStoryboard;
				PRODUCT_NAME = "$(TARGET_NAME)";
			};
			name = Debug;
		};
		63E0562F1DB4666F004757BC /* Release */ = {
			isa = XCBuildConfiguration;
			buildSettings = {
				ASSETCATALOG_COMPILER_APPICON_NAME = AppIcon;
				INFOPLIST_FILE = FirstStoryboard/Info.plist;
				LD_RUNPATH_SEARCH_PATHS = "$(inherited) @executable_path/Frameworks";
				PRODUCT_BUNDLE_IDENTIFIER = com.lyhonghwa.FirstStoryboard;
				PRODUCT_NAME = "$(TARGET_NAME)";
			};
			name = Release;
		};
/* End XCBuildConfiguration section */

/* Begin XCConfigurationList section */
		63E056111DB4666E004757BC /* Build configuration list for PBXProject "FirstStoryboard" */ = {
			isa = XCConfigurationList;
			buildConfigurations = (
				63E0562B1DB4666F004757BC /* Debug */,
				63E0562C1DB4666F004757BC /* Release */,
			);
			defaultConfigurationIsVisible = 0;
			defaultConfigurationName = Release;
		};
		63E0562D1DB4666F004757BC /* Build configuration list for PBXNativeTarget "FirstStoryboard" */ = {
			isa = XCConfigurationList;
			buildConfigurations = (
				63E0562E1DB4666F004757BC /* Debug */,
				63E0562F1DB4666F004757BC /* Release */,
			);
			defaultConfigurationIsVisible = 0;
			defaultConfigurationName = Release;
		};
/* End XCConfigurationList section */
	};
	rootObject = 63E0560E1DB4666E004757BC /* Project object */;
}
