// !$*UTF8*$!
{
	archiveVersion = 1;
	classes = {
	};
	objectVersion = 46;
	objects = {

/* Begin PBXBuildFile section */
		63511B211DBF3E5300D7D04D /* main.m in Sources */ = {isa = PBXBuildFile; fileRef = 63511B201DBF3E5300D7D04D /* main.m */; };
		63511B241DBF3E5300D7D04D /* AppDelegate.m in Sources */ = {isa = PBXBuildFile; fileRef = 63511B231DBF3E5300D7D04D /* AppDelegate.m */; };
		63511B271DBF3E5300D7D04D /* ViewController.m in Sources */ = {isa = PBXBuildFile; fileRef = 63511B261DBF3E5300D7D04D /* ViewController.m */; };
		63511B2A1DBF3E5300D7D04D /* Main.storyboard in Resources */ = {isa = PBXBuildFile; fileRef = 63511B281DBF3E5300D7D04D /* Main.storyboard */; };
		63511B2C1DBF3E5300D7D04D /* Assets.xcassets in Resources */ = {isa = PBXBuildFile; fileRef = 63511B2B1DBF3E5300D7D04D /* Assets.xcassets */; };
		63511B2F1DBF3E5300D7D04D /* LaunchScreen.storyboard in Resources */ = {isa = PBXBuildFile; fileRef = 63511B2D1DBF3E5300D7D04D /* LaunchScreen.storyboard */; };
		63511B381DBF47DC00D7D04D /* ViewController2.m in Sources */ = {isa = PBXBuildFile; fileRef = 63511B371DBF47DC00D7D04D /* ViewController2.m */; };
/* End PBXBuildFile section */

/* Begin PBXFileReference section */
		63511B1C1DBF3E5300D7D04D /* testNavigationAndTabBar.app */ = {isa = PBXFileReference; explicitFileType = wrapper.application; includeInIndex = 0; path = testNavigationAndTabBar.app; sourceTree = BUILT_PRODUCTS_DIR; };
		63511B201DBF3E5300D7D04D /* main.m */ = {isa = PBXFileReference; lastKnownFileType = sourcecode.c.objc; path = main.m; sourceTree = "<group>"; };
		63511B221DBF3E5300D7D04D /* AppDelegate.h */ = {isa = PBXFileReference; lastKnownFileType = sourcecode.c.h; path = AppDelegate.h; sourceTree = "<group>"; };
		63511B231DBF3E5300D7D04D /* AppDelegate.m */ = {isa = PBXFileReference; lastKnownFileType = sourcecode.c.objc; path = AppDelegate.m; sourceTree = "<group>"; };
		63511B251DBF3E5300D7D04D /* ViewController.h */ = {isa = PBXFileReference; lastKnownFileType = sourcecode.c.h; path = ViewController.h; sourceTree = "<group>"; };
		63511B261DBF3E5300D7D04D /* ViewController.m */ = {isa = PBXFileReference; lastKnownFileType = sourcecode.c.objc; path = ViewController.m; sourceTree = "<group>"; };
		63511B291DBF3E5300D7D04D /* Base */ = {isa = PBXFileReference; lastKnownFileType = file.storyboard; name = Base; path = Base.lproj/Main.storyboard; sourceTree = "<group>"; };
		63511B2B1DBF3E5300D7D04D /* Assets.xcassets */ = {isa = PBXFileReference; lastKnownFileType = folder.assetcatalog; path = Assets.xcassets; sourceTree = "<group>"; };
		63511B2E1DBF3E5300D7D04D /* Base */ = {isa = PBXFileReference; lastKnownFileType = file.storyboard; name = Base; path = Base.lproj/LaunchScreen.storyboard; sourceTree = "<group>"; };
		63511B301DBF3E5300D7D04D /* Info.plist */ = {isa = PBXFileReference; lastKnownFileType = text.plist.xml; path = Info.plist; sourceTree = "<group>"; };
		63511B361DBF47DC00D7D04D /* ViewController2.h */ = {isa = PBXFileReference; fileEncoding = 4; lastKnownFileType = sourcecode.c.h; path = ViewController2.h; sourceTree = "<group>"; };
		63511B371DBF47DC00D7D04D /* ViewController2.m */ = {isa = PBXFileReference; fileEncoding = 4; lastKnownFileType = sourcecode.c.objc; path = ViewController2.m; sourceTree = "<group>"; };
/* End PBXFileReference section */

/* Begin PBXFrameworksBuildPhase section */
		63511B191DBF3E5300D7D04D /* Frameworks */ = {
			isa = PBXFrameworksBuildPhase;
			buildActionMask = 2147483647;
			files = (
			);
			runOnlyForDeploymentPostprocessing = 0;
		};
/* End PBXFrameworksBuildPhase section */

/* Begin PBXGroup section */
		63511B131DBF3E5300D7D04D = {
			isa = PBXGroup;
			children = (
				63511B1E1DBF3E5300D7D04D /* testNavigationAndTabBar */,
				63511B1D1DBF3E5300D7D04D /* Products */,
			);
			sourceTree = "<group>";
		};
		63511B1D1DBF3E5300D7D04D /* Products */ = {
			isa = PBXGroup;
			children = (
				63511B1C1DBF3E5300D7D04D /* testNavigationAndTabBar.app */,
			);
			name = Products;
			sourceTree = "<group>";
		};
		63511B1E1DBF3E5300D7D04D /* testNavigationAndTabBar */ = {
			isa = PBXGroup;
			children = (
				63511B221DBF3E5300D7D04D /* AppDelegate.h */,
				63511B231DBF3E5300D7D04D /* AppDelegate.m */,
				63511B251DBF3E5300D7D04D /* ViewController.h */,
				63511B261DBF3E5300D7D04D /* ViewController.m */,
				63511B281DBF3E5300D7D04D /* Main.storyboard */,
				63511B2B1DBF3E5300D7D04D /* Assets.xcassets */,
				63511B2D1DBF3E5300D7D04D /* LaunchScreen.storyboard */,
				63511B301DBF3E5300D7D04D /* Info.plist */,
				63511B1F1DBF3E5300D7D04D /* Supporting Files */,
				63511B361DBF47DC00D7D04D /* ViewController2.h */,
				63511B371DBF47DC00D7D04D /* ViewController2.m */,
			);
			path = testNavigationAndTabBar;
			sourceTree = "<group>";
		};
		63511B1F1DBF3E5300D7D04D /* Supporting Files */ = {
			isa = PBXGroup;
			children = (
				63511B201DBF3E5300D7D04D /* main.m */,
			);
			name = "Supporting Files";
			sourceTree = "<group>";
		};
/* End PBXGroup section */

/* Begin PBXNativeTarget section */
		63511B1B1DBF3E5300D7D04D /* testNavigationAndTabBar */ = {
			isa = PBXNativeTarget;
			buildConfigurationList = 63511B331DBF3E5300D7D04D /* Build configuration list for PBXNativeTarget "testNavigationAndTabBar" */;
			buildPhases = (
				63511B181DBF3E5300D7D04D /* Sources */,
				63511B191DBF3E5300D7D04D /* Frameworks */,
				63511B1A1DBF3E5300D7D04D /* Resources */,
			);
			buildRules = (
			);
			dependencies = (
			);
			name = testNavigationAndTabBar;
			productName = testNavigationAndTabBar;
			productReference = 63511B1C1DBF3E5300D7D04D /* testNavigationAndTabBar.app */;
			productType = "com.apple.product-type.application";
		};
/* End PBXNativeTarget section */

/* Begin PBXProject section */
		63511B141DBF3E5300D7D04D /* Project object */ = {
			isa = PBXProject;
			attributes = {
				LastUpgradeCheck = 0800;
				ORGANIZATIONNAME = david;
				TargetAttributes = {
					63511B1B1DBF3E5300D7D04D = {
						CreatedOnToolsVersion = 8.0;
						ProvisioningStyle = Automatic;
					};
				};
			};
			buildConfigurationList = 63511B171DBF3E5300D7D04D /* Build configuration list for PBXProject "testNavigationAndTabBar" */;
			compatibilityVersion = "Xcode 3.2";
			developmentRegion = English;
			hasScannedForEncodings = 0;
			knownRegions = (
				en,
				Base,
			);
			mainGroup = 63511B131DBF3E5300D7D04D;
			productRefGroup = 63511B1D1DBF3E5300D7D04D /* Products */;
			projectDirPath = "";
			projectRoot = "";
			targets = (
				63511B1B1DBF3E5300D7D04D /* testNavigationAndTabBar */,
			);
		};
/* End PBXProject section */

/* Begin PBXResourcesBuildPhase section */
		63511B1A1DBF3E5300D7D04D /* Resources */ = {
			isa = PBXResourcesBuildPhase;
			buildActionMask = 2147483647;
			files = (
				63511B2F1DBF3E5300D7D04D /* LaunchScreen.storyboard in Resources */,
				63511B2C1DBF3E5300D7D04D /* Assets.xcassets in Resources */,
				63511B2A1DBF3E5300D7D04D /* Main.storyboard in Resources */,
			);
			runOnlyForDeploymentPostprocessing = 0;
		};
/* End PBXResourcesBuildPhase section */

/* Begin PBXSourcesBuildPhase section */
		63511B181DBF3E5300D7D04D /* Sources */ = {
			isa = PBXSourcesBuildPhase;
			buildActionMask = 2147483647;
			files = (
				63511B271DBF3E5300D7D04D /* ViewController.m in Sources */,
				63511B381DBF47DC00D7D04D /* ViewController2.m in Sources */,
				63511B241DBF3E5300D7D04D /* AppDelegate.m in Sources */,
				63511B211DBF3E5300D7D04D /* main.m in Sources */,
			);
			runOnlyForDeploymentPostprocessing = 0;
		};
/* End PBXSourcesBuildPhase section */

/* Begin PBXVariantGroup section */
		63511B281DBF3E5300D7D04D /* Main.storyboard */ = {
			isa = PBXVariantGroup;
			children = (
				63511B291DBF3E5300D7D04D /* Base */,
			);
			name = Main.storyboard;
			sourceTree = "<group>";
		};
		63511B2D1DBF3E5300D7D04D /* LaunchScreen.storyboard */ = {
			isa = PBXVariantGroup;
			children = (
				63511B2E1DBF3E5300D7D04D /* Base */,
			);
			name = LaunchScreen.storyboard;
			sourceTree = "<group>";
		};
/* End PBXVariantGroup section */

/* Begin XCBuildConfiguration section */
		63511B311DBF3E5300D7D04D /* Debug */ = {
			isa = XCBuildConfiguration;
			buildSettings = {
				ALWAYS_SEARCH_USER_PATHS = NO;
				CLANG_ANALYZER_NONNULL = YES;
				CLANG_CXX_LANGUAGE_STANDARD = "gnu++0x";
				CLANG_CXX_LIBRARY = "libc++";
				CLANG_ENABLE_MODULES = YES;
				CLANG_ENABLE_OBJC_ARC = YES;
				CLANG_WARN_BOOL_CONVERSION = YES;
				CLANG_WARN_CONSTANT_CONVERSION = YES;
				CLANG_WARN_DIRECT_OBJC_ISA_USAGE = YES_ERROR;
				CLANG_WARN_DOCUMENTATION_COMMENTS = YES;
				CLANG_WARN_EMPTY_BODY = YES;
				CLANG_WARN_ENUM_CONVERSION = YES;
				CLANG_WARN_INFINITE_RECURSION = YES;
				CLANG_WARN_INT_CONVERSION = YES;
				CLANG_WARN_OBJC_ROOT_CLASS = YES_ERROR;
				CLANG_WARN_SUSPICIOUS_MOVES = YES;
				CLANG_WARN_UNREACHABLE_CODE = YES;
				CLANG_WARN__DUPLICATE_METHOD_MATCH = YES;
				"CODE_SIGN_IDENTITY[sdk=iphoneos*]" = "iPhone Developer";
				COPY_PHASE_STRIP = NO;
				DEBUG_INFORMATION_FORMAT = dwarf;
				ENABLE_STRICT_OBJC_MSGSEND = YES;
				ENABLE_TESTABILITY = YES;
				GCC_C_LANGUAGE_STANDARD = gnu99;
				GCC_DYNAMIC_NO_PIC = NO;
				GCC_NO_COMMON_BLOCKS = YES;
				GCC_OPTIMIZATION_LEVEL = 0;
				GCC_PREPROCESSOR_DEFINITIONS = (
					"DEBUG=1",
					"$(inherited)",
				);
				GCC_WARN_64_TO_32_BIT_CONVERSION = YES;
				GCC_WARN_ABOUT_RETURN_TYPE = YES_ERROR;
				GCC_WARN_UNDECLARED_SELECTOR = YES;
				GCC_WARN_UNINITIALIZED_AUTOS = YES_AGGRESSIVE;
				GCC_WARN_UNUSED_FUNCTION = YES;
				GCC_WARN_UNUSED_VARIABLE = YES;
				IPHONEOS_DEPLOYMENT_TARGET = 10.0;
				MTL_ENABLE_DEBUG_INFO = YES;
				ONLY_ACTIVE_ARCH = YES;
				SDKROOT = iphoneos;
			};
			name = Debug;
		};
		63511B321DBF3E5300D7D04D /* Release */ = {
			isa = XCBuildConfiguration;
			buildSettings = {
				ALWAYS_SEARCH_USER_PATHS = NO;
				CLANG_ANALYZER_NONNULL = YES;
				CLANG_CXX_LANGUAGE_STANDARD = "gnu++0x";
				CLANG_CXX_LIBRARY = "libc++";
				CLANG_ENABLE_MODULES = YES;
				CLANG_ENABLE_OBJC_ARC = YES;
				CLANG_WARN_BOOL_CONVERSION = YES;
				CLANG_WARN_CONSTANT_CONVERSION = YES;
				CLANG_WARN_DIRECT_OBJC_ISA_USAGE = YES_ERROR;
				CLANG_WARN_DOCUMENTATION_COMMENTS = YES;
				CLANG_WARN_EMPTY_BODY = YES;
				CLANG_WARN_ENUM_CONVERSION = YES;
				CLANG_WARN_INFINITE_RECURSION = YES;
				CLANG_WARN_INT_CONVERSION = YES;
				CLANG_WARN_OBJC_ROOT_CLASS = YES_ERROR;
				CLANG_WARN_SUSPICIOUS_MOVES = YES;
				CLANG_WARN_UNREACHABLE_CODE = YES;
				CLANG_WARN__DUPLICATE_METHOD_MATCH = YES;
				"CODE_SIGN_IDENTITY[sdk=iphoneos*]" = "iPhone Developer";
				COPY_PHASE_STRIP = NO;
				DEBUG_INFORMATION_FORMAT = "dwarf-with-dsym";
				ENABLE_NS_ASSERTIONS = NO;
				ENABLE_STRICT_OBJC_MSGSEND = YES;
				GCC_C_LANGUAGE_STANDARD = gnu99;
				GCC_NO_COMMON_BLOCKS = YES;
				GCC_WARN_64_TO_32_BIT_CONVERSION = YES;
				GCC_WARN_ABOUT_RETURN_TYPE = YES_ERROR;
				GCC_WARN_UNDECLARED_SELECTOR = YES;
				GCC_WARN_UNINITIALIZED_AUTOS = YES_AGGRESSIVE;
				GCC_WARN_UNUSED_FUNCTION = YES;
				GCC_WARN_UNUSED_VARIABLE = YES;
				IPHONEOS_DEPLOYMENT_TARGET = 10.0;
				MTL_ENABLE_DEBUG_INFO = NO;
				SDKROOT = iphoneos;
				VALIDATE_PRODUCT = YES;
			};
			name = Release;
		};
		63511B341DBF3E5300D7D04D /* Debug */ = {
			isa = XCBuildConfiguration;
			buildSettings = {
				ASSETCATALOG_COMPILER_APPICON_NAME = AppIcon;
				INFOPLIST_FILE = testNavigationAndTabBar/Info.plist;
				LD_RUNPATH_SEARCH_PATHS = "$(inherited) @executable_path/Frameworks";
				PRODUCT_BUNDLE_IDENTIFIER = com.lyhonghwa.testNavigationAndTabBar;
				PRODUCT_NAME = "$(TARGET_NAME)";
			};
			name = Debug;
		};
		63511B351DBF3E5300D7D04D /* Release */ = {
			isa = XCBuildConfiguration;
			buildSettings = {
				ASSETCATALOG_COMPILER_APPICON_NAME = AppIcon;
				INFOPLIST_FILE = testNavigationAndTabBar/Info.plist;
				LD_RUNPATH_SEARCH_PATHS = "$(inherited) @executable_path/Frameworks";
				PRODUCT_BUNDLE_IDENTIFIER = com.lyhonghwa.testNavigationAndTabBar;
				PRODUCT_NAME = "$(TARGET_NAME)";
			};
			name = Release;
		};
/* End XCBuildConfiguration section */

/* Begin XCConfigurationList section */
		63511B171DBF3E5300D7D04D /* Build configuration list for PBXProject "testNavigationAndTabBar" */ = {
			isa = XCConfigurationList;
			buildConfigurations = (
				63511B311DBF3E5300D7D04D /* Debug */,
				63511B321DBF3E5300D7D04D /* Release */,
			);
			defaultConfigurationIsVisible = 0;
			defaultConfigurationName = Release;
		};
		63511B331DBF3E5300D7D04D /* Build configuration list for PBXNativeTarget "testNavigationAndTabBar" */ = {
			isa = XCConfigurationList;
			buildConfigurations = (
				63511B341DBF3E5300D7D04D /* Debug */,
				63511B351DBF3E5300D7D04D /* Release */,
			);
			defaultConfigurationIsVisible = 0;
		};
/* End XCConfigurationList section */
	};
	rootObject = 63511B141DBF3E5300D7D04D /* Project object */;
}
