// !$*UTF8*$!
{
	archiveVersion = 1;
	classes = {
	};
	objectVersion = 46;
	objects = {

/* Begin PBXBuildFile section */
		63CCFA3F1DD4A8820034AAAA /* main.m in Sources */ = {isa = PBXBuildFile; fileRef = 63CCFA3E1DD4A8820034AAAA /* main.m */; };
		63CCFA421DD4A8820034AAAA /* AppDelegate.m in Sources */ = {isa = PBXBuildFile; fileRef = 63CCFA411DD4A8820034AAAA /* AppDelegate.m */; };
		63CCFA451DD4A8820034AAAA /* ViewController.m in Sources */ = {isa = PBXBuildFile; fileRef = 63CCFA441DD4A8820034AAAA /* ViewController.m */; };
		63CCFA481DD4A8820034AAAA /* Main.storyboard in Resources */ = {isa = PBXBuildFile; fileRef = 63CCFA461DD4A8820034AAAA /* Main.storyboard */; };
		63CCFA4A1DD4A8820034AAAA /* Assets.xcassets in Resources */ = {isa = PBXBuildFile; fileRef = 63CCFA491DD4A8820034AAAA /* Assets.xcassets */; };
		63CCFA4D1DD4A8820034AAAA /* LaunchScreen.storyboard in Resources */ = {isa = PBXBuildFile; fileRef = 63CCFA4B1DD4A8820034AAAA /* LaunchScreen.storyboard */; };
		63CCFA561DD4A8CF0034AAAA /* sampleObject.m in Sources */ = {isa = PBXBuildFile; fileRef = 63CCFA551DD4A8CF0034AAAA /* sampleObject.m */; };
/* End PBXBuildFile section */

/* Begin PBXFileReference section */
		63CCFA3A1DD4A8820034AAAA /* TestBlockButton.app */ = {isa = PBXFileReference; explicitFileType = wrapper.application; includeInIndex = 0; path = TestBlockButton.app; sourceTree = BUILT_PRODUCTS_DIR; };
		63CCFA3E1DD4A8820034AAAA /* main.m */ = {isa = PBXFileReference; lastKnownFileType = sourcecode.c.objc; path = main.m; sourceTree = "<group>"; };
		63CCFA401DD4A8820034AAAA /* AppDelegate.h */ = {isa = PBXFileReference; lastKnownFileType = sourcecode.c.h; path = AppDelegate.h; sourceTree = "<group>"; };
		63CCFA411DD4A8820034AAAA /* AppDelegate.m */ = {isa = PBXFileReference; lastKnownFileType = sourcecode.c.objc; path = AppDelegate.m; sourceTree = "<group>"; };
		63CCFA431DD4A8820034AAAA /* ViewController.h */ = {isa = PBXFileReference; lastKnownFileType = sourcecode.c.h; path = ViewController.h; sourceTree = "<group>"; };
		63CCFA441DD4A8820034AAAA /* ViewController.m */ = {isa = PBXFileReference; lastKnownFileType = sourcecode.c.objc; path = ViewController.m; sourceTree = "<group>"; };
		63CCFA471DD4A8820034AAAA /* Base */ = {isa = PBXFileReference; lastKnownFileType = file.storyboard; name = Base; path = Base.lproj/Main.storyboard; sourceTree = "<group>"; };
		63CCFA491DD4A8820034AAAA /* Assets.xcassets */ = {isa = PBXFileReference; lastKnownFileType = folder.assetcatalog; path = Assets.xcassets; sourceTree = "<group>"; };
		63CCFA4C1DD4A8820034AAAA /* Base */ = {isa = PBXFileReference; lastKnownFileType = file.storyboard; name = Base; path = Base.lproj/LaunchScreen.storyboard; sourceTree = "<group>"; };
		63CCFA4E1DD4A8820034AAAA /* Info.plist */ = {isa = PBXFileReference; lastKnownFileType = text.plist.xml; path = Info.plist; sourceTree = "<group>"; };
		63CCFA541DD4A8CF0034AAAA /* sampleObject.h */ = {isa = PBXFileReference; fileEncoding = 4; lastKnownFileType = sourcecode.c.h; path = sampleObject.h; sourceTree = "<group>"; };
		63CCFA551DD4A8CF0034AAAA /* sampleObject.m */ = {isa = PBXFileReference; fileEncoding = 4; lastKnownFileType = sourcecode.c.objc; path = sampleObject.m; sourceTree = "<group>"; };
/* End PBXFileReference section */

/* Begin PBXFrameworksBuildPhase section */
		63CCFA371DD4A8820034AAAA /* Frameworks */ = {
			isa = PBXFrameworksBuildPhase;
			buildActionMask = 2147483647;
			files = (
			);
			runOnlyForDeploymentPostprocessing = 0;
		};
/* End PBXFrameworksBuildPhase section */

/* Begin PBXGroup section */
		63CCFA311DD4A8810034AAAA = {
			isa = PBXGroup;
			children = (
				63CCFA3C1DD4A8820034AAAA /* TestBlockButton */,
				63CCFA3B1DD4A8820034AAAA /* Products */,
			);
			sourceTree = "<group>";
		};
		63CCFA3B1DD4A8820034AAAA /* Products */ = {
			isa = PBXGroup;
			children = (
				63CCFA3A1DD4A8820034AAAA /* TestBlockButton.app */,
			);
			name = Products;
			sourceTree = "<group>";
		};
		63CCFA3C1DD4A8820034AAAA /* TestBlockButton */ = {
			isa = PBXGroup;
			children = (
				63CCFA401DD4A8820034AAAA /* AppDelegate.h */,
				63CCFA411DD4A8820034AAAA /* AppDelegate.m */,
				63CCFA431DD4A8820034AAAA /* ViewController.h */,
				63CCFA441DD4A8820034AAAA /* ViewController.m */,
				63CCFA541DD4A8CF0034AAAA /* sampleObject.h */,
				63CCFA551DD4A8CF0034AAAA /* sampleObject.m */,
				63CCFA461DD4A8820034AAAA /* Main.storyboard */,
				63CCFA491DD4A8820034AAAA /* Assets.xcassets */,
				63CCFA4B1DD4A8820034AAAA /* LaunchScreen.storyboard */,
				63CCFA4E1DD4A8820034AAAA /* Info.plist */,
				63CCFA3D1DD4A8820034AAAA /* Supporting Files */,
			);
			path = TestBlockButton;
			sourceTree = "<group>";
		};
		63CCFA3D1DD4A8820034AAAA /* Supporting Files */ = {
			isa = PBXGroup;
			children = (
				63CCFA3E1DD4A8820034AAAA /* main.m */,
			);
			name = "Supporting Files";
			sourceTree = "<group>";
		};
/* End PBXGroup section */

/* Begin PBXNativeTarget section */
		63CCFA391DD4A8820034AAAA /* TestBlockButton */ = {
			isa = PBXNativeTarget;
			buildConfigurationList = 63CCFA511DD4A8820034AAAA /* Build configuration list for PBXNativeTarget "TestBlockButton" */;
			buildPhases = (
				63CCFA361DD4A8820034AAAA /* Sources */,
				63CCFA371DD4A8820034AAAA /* Frameworks */,
				63CCFA381DD4A8820034AAAA /* Resources */,
			);
			buildRules = (
			);
			dependencies = (
			);
			name = TestBlockButton;
			productName = TestBlockButton;
			productReference = 63CCFA3A1DD4A8820034AAAA /* TestBlockButton.app */;
			productType = "com.apple.product-type.application";
		};
/* End PBXNativeTarget section */

/* Begin PBXProject section */
		63CCFA321DD4A8810034AAAA /* Project object */ = {
			isa = PBXProject;
			attributes = {
				LastUpgradeCheck = 0810;
				ORGANIZATIONNAME = david;
				TargetAttributes = {
					63CCFA391DD4A8820034AAAA = {
						CreatedOnToolsVersion = 8.1;
						ProvisioningStyle = Automatic;
					};
				};
			};
			buildConfigurationList = 63CCFA351DD4A8810034AAAA /* Build configuration list for PBXProject "TestBlockButton" */;
			compatibilityVersion = "Xcode 3.2";
			developmentRegion = English;
			hasScannedForEncodings = 0;
			knownRegions = (
				en,
				Base,
			);
			mainGroup = 63CCFA311DD4A8810034AAAA;
			productRefGroup = 63CCFA3B1DD4A8820034AAAA /* Products */;
			projectDirPath = "";
			projectRoot = "";
			targets = (
				63CCFA391DD4A8820034AAAA /* TestBlockButton */,
			);
		};
/* End PBXProject section */

/* Begin PBXResourcesBuildPhase section */
		63CCFA381DD4A8820034AAAA /* Resources */ = {
			isa = PBXResourcesBuildPhase;
			buildActionMask = 2147483647;
			files = (
				63CCFA4D1DD4A8820034AAAA /* LaunchScreen.storyboard in Resources */,
				63CCFA4A1DD4A8820034AAAA /* Assets.xcassets in Resources */,
				63CCFA481DD4A8820034AAAA /* Main.storyboard in Resources */,
			);
			runOnlyForDeploymentPostprocessing = 0;
		};
/* End PBXResourcesBuildPhase section */

/* Begin PBXSourcesBuildPhase section */
		63CCFA361DD4A8820034AAAA /* Sources */ = {
			isa = PBXSourcesBuildPhase;
			buildActionMask = 2147483647;
			files = (
				63CCFA451DD4A8820034AAAA /* ViewController.m in Sources */,
				63CCFA421DD4A8820034AAAA /* AppDelegate.m in Sources */,
				63CCFA561DD4A8CF0034AAAA /* sampleObject.m in Sources */,
				63CCFA3F1DD4A8820034AAAA /* main.m in Sources */,
			);
			runOnlyForDeploymentPostprocessing = 0;
		};
/* End PBXSourcesBuildPhase section */

/* Begin PBXVariantGroup section */
		63CCFA461DD4A8820034AAAA /* Main.storyboard */ = {
			isa = PBXVariantGroup;
			children = (
				63CCFA471DD4A8820034AAAA /* Base */,
			);
			name = Main.storyboard;
			sourceTree = "<group>";
		};
		63CCFA4B1DD4A8820034AAAA /* LaunchScreen.storyboard */ = {
			isa = PBXVariantGroup;
			children = (
				63CCFA4C1DD4A8820034AAAA /* Base */,
			);
			name = LaunchScreen.storyboard;
			sourceTree = "<group>";
		};
/* End PBXVariantGroup section */

/* Begin XCBuildConfiguration section */
		63CCFA4F1DD4A8820034AAAA /* Debug */ = {
			isa = XCBuildConfiguration;
			buildSettings = {
				ALWAYS_SEARCH_USER_PATHS = NO;
				CLANG_ANALYZER_NONNULL = YES;
				CLANG_CXX_LANGUAGE_STANDARD = "gnu++0x";
				CLANG_CXX_LIBRARY = "libc++";
				CLANG_ENABLE_MODULES = YES;
				CLANG_ENABLE_OBJC_ARC = YES;
				CLANG_WARN_BOOL_CONVERSION = YES;
				CLANG_WARN_CONSTANT_CONVERSION = YES;
				CLANG_WARN_DIRECT_OBJC_ISA_USAGE = YES_ERROR;
				CLANG_WARN_DOCUMENTATION_COMMENTS = YES;
				CLANG_WARN_EMPTY_BODY = YES;
				CLANG_WARN_ENUM_CONVERSION = YES;
				CLANG_WARN_INFINITE_RECURSION = YES;
				CLANG_WARN_INT_CONVERSION = YES;
				CLANG_WARN_OBJC_ROOT_CLASS = YES_ERROR;
				CLANG_WARN_SUSPICIOUS_MOVES = YES;
				CLANG_WARN_UNREACHABLE_CODE = YES;
				CLANG_WARN__DUPLICATE_METHOD_MATCH = YES;
				"CODE_SIGN_IDENTITY[sdk=iphoneos*]" = "iPhone Developer";
				COPY_PHASE_STRIP = NO;
				DEBUG_INFORMATION_FORMAT = dwarf;
				ENABLE_STRICT_OBJC_MSGSEND = YES;
				ENABLE_TESTABILITY = YES;
				GCC_C_LANGUAGE_STANDARD = gnu99;
				GCC_DYNAMIC_NO_PIC = NO;
				GCC_NO_COMMON_BLOCKS = YES;
				GCC_OPTIMIZATION_LEVEL = 0;
				GCC_PREPROCESSOR_DEFINITIONS = (
					"DEBUG=1",
					"$(inherited)",
				);
				GCC_WARN_64_TO_32_BIT_CONVERSION = YES;
				GCC_WARN_ABOUT_RETURN_TYPE = YES_ERROR;
				GCC_WARN_UNDECLARED_SELECTOR = YES;
				GCC_WARN_UNINITIALIZED_AUTOS = YES_AGGRESSIVE;
				GCC_WARN_UNUSED_FUNCTION = YES;
				GCC_WARN_UNUSED_VARIABLE = YES;
				IPHONEOS_DEPLOYMENT_TARGET = 10.1;
				MTL_ENABLE_DEBUG_INFO = YES;
				ONLY_ACTIVE_ARCH = YES;
				SDKROOT = iphoneos;
			};
			name = Debug;
		};
		63CCFA501DD4A8820034AAAA /* Release */ = {
			isa = XCBuildConfiguration;
			buildSettings = {
				ALWAYS_SEARCH_USER_PATHS = NO;
				CLANG_ANALYZER_NONNULL = YES;
				CLANG_CXX_LANGUAGE_STANDARD = "gnu++0x";
				CLANG_CXX_LIBRARY = "libc++";
				CLANG_ENABLE_MODULES = YES;
				CLANG_ENABLE_OBJC_ARC = YES;
				CLANG_WARN_BOOL_CONVERSION = YES;
				CLANG_WARN_CONSTANT_CONVERSION = YES;
				CLANG_WARN_DIRECT_OBJC_ISA_USAGE = YES_ERROR;
				CLANG_WARN_DOCUMENTATION_COMMENTS = YES;
				CLANG_WARN_EMPTY_BODY = YES;
				CLANG_WARN_ENUM_CONVERSION = YES;
				CLANG_WARN_INFINITE_RECURSION = YES;
				CLANG_WARN_INT_CONVERSION = YES;
				CLANG_WARN_OBJC_ROOT_CLASS = YES_ERROR;
				CLANG_WARN_SUSPICIOUS_MOVES = YES;
				CLANG_WARN_UNREACHABLE_CODE = YES;
				CLANG_WARN__DUPLICATE_METHOD_MATCH = YES;
				"CODE_SIGN_IDENTITY[sdk=iphoneos*]" = "iPhone Developer";
				COPY_PHASE_STRIP = NO;
				DEBUG_INFORMATION_FORMAT = "dwarf-with-dsym";
				ENABLE_NS_ASSERTIONS = NO;
				ENABLE_STRICT_OBJC_MSGSEND = YES;
				GCC_C_LANGUAGE_STANDARD = gnu99;
				GCC_NO_COMMON_BLOCKS = YES;
				GCC_WARN_64_TO_32_BIT_CONVERSION = YES;
				GCC_WARN_ABOUT_RETURN_TYPE = YES_ERROR;
				GCC_WARN_UNDECLARED_SELECTOR = YES;
				GCC_WARN_UNINITIALIZED_AUTOS = YES_AGGRESSIVE;
				GCC_WARN_UNUSED_FUNCTION = YES;
				GCC_WARN_UNUSED_VARIABLE = YES;
				IPHONEOS_DEPLOYMENT_TARGET = 10.1;
				MTL_ENABLE_DEBUG_INFO = NO;
				SDKROOT = iphoneos;
				VALIDATE_PRODUCT = YES;
			};
			name = Release;
		};
		63CCFA521DD4A8820034AAAA /* Debug */ = {
			isa = XCBuildConfiguration;
			buildSettings = {
				ASSETCATALOG_COMPILER_APPICON_NAME = AppIcon;
				INFOPLIST_FILE = TestBlockButton/Info.plist;
				LD_RUNPATH_SEARCH_PATHS = "$(inherited) @executable_path/Frameworks";
				PRODUCT_BUNDLE_IDENTIFIER = com.lyhonghwa.TestBlockButton;
				PRODUCT_NAME = "$(TARGET_NAME)";
			};
			name = Debug;
		};
		63CCFA531DD4A8820034AAAA /* Release */ = {
			isa = XCBuildConfiguration;
			buildSettings = {
				ASSETCATALOG_COMPILER_APPICON_NAME = AppIcon;
				INFOPLIST_FILE = TestBlockButton/Info.plist;
				LD_RUNPATH_SEARCH_PATHS = "$(inherited) @executable_path/Frameworks";
				PRODUCT_BUNDLE_IDENTIFIER = com.lyhonghwa.TestBlockButton;
				PRODUCT_NAME = "$(TARGET_NAME)";
			};
			name = Release;
		};
/* End XCBuildConfiguration section */

/* Begin XCConfigurationList section */
		63CCFA351DD4A8810034AAAA /* Build configuration list for PBXProject "TestBlockButton" */ = {
			isa = XCConfigurationList;
			buildConfigurations = (
				63CCFA4F1DD4A8820034AAAA /* Debug */,
				63CCFA501DD4A8820034AAAA /* Release */,
			);
			defaultConfigurationIsVisible = 0;
			defaultConfigurationName = Release;
		};
		63CCFA511DD4A8820034AAAA /* Build configuration list for PBXNativeTarget "TestBlockButton" */ = {
			isa = XCConfigurationList;
			buildConfigurations = (
				63CCFA521DD4A8820034AAAA /* Debug */,
				63CCFA531DD4A8820034AAAA /* Release */,
			);
			defaultConfigurationIsVisible = 0;
		};
/* End XCConfigurationList section */
	};
	rootObject = 63CCFA321DD4A8810034AAAA /* Project object */;
}
