// !$*UTF8*$!
{
	archiveVersion = 1;
	classes = {
	};
	objectVersion = 46;
	objects = {

/* Begin PBXBuildFile section */
		63E6063A1DE2EB1200B06DF7 /* main.m in Sources */ = {isa = PBXBuildFile; fileRef = 63E606391DE2EB1200B06DF7 /* main.m */; };
		63E6063D1DE2EB1200B06DF7 /* AppDelegate.m in Sources */ = {isa = PBXBuildFile; fileRef = 63E6063C1DE2EB1200B06DF7 /* AppDelegate.m */; };
		63E606401DE2EB1200B06DF7 /* ViewController.m in Sources */ = {isa = PBXBuildFile; fileRef = 63E6063F1DE2EB1200B06DF7 /* ViewController.m */; };
		63E606431DE2EB1300B06DF7 /* Main.storyboard in Resources */ = {isa = PBXBuildFile; fileRef = 63E606411DE2EB1300B06DF7 /* Main.storyboard */; };
		63E606451DE2EB1300B06DF7 /* Assets.xcassets in Resources */ = {isa = PBXBuildFile; fileRef = 63E606441DE2EB1300B06DF7 /* Assets.xcassets */; };
		63E606481DE2EB1300B06DF7 /* LaunchScreen.storyboard in Resources */ = {isa = PBXBuildFile; fileRef = 63E606461DE2EB1300B06DF7 /* LaunchScreen.storyboard */; };
		63E606511DE2EB1B00B06DF7 /* MapKit.framework in Frameworks */ = {isa = PBXBuildFile; fileRef = 63E606501DE2EB1B00B06DF7 /* MapKit.framework */; };
		63E606531DE2EB8500B06DF7 /* CoreLocation.framework in Frameworks */ = {isa = PBXBuildFile; fileRef = 63E606521DE2EB8500B06DF7 /* CoreLocation.framework */; };
/* End PBXBuildFile section */

/* Begin PBXFileReference section */
		63E606351DE2EB1200B06DF7 /* MapkitTest.app */ = {isa = PBXFileReference; explicitFileType = wrapper.application; includeInIndex = 0; path = MapkitTest.app; sourceTree = BUILT_PRODUCTS_DIR; };
		63E606391DE2EB1200B06DF7 /* main.m */ = {isa = PBXFileReference; lastKnownFileType = sourcecode.c.objc; path = main.m; sourceTree = "<group>"; };
		63E6063B1DE2EB1200B06DF7 /* AppDelegate.h */ = {isa = PBXFileReference; lastKnownFileType = sourcecode.c.h; path = AppDelegate.h; sourceTree = "<group>"; };
		63E6063C1DE2EB1200B06DF7 /* AppDelegate.m */ = {isa = PBXFileReference; lastKnownFileType = sourcecode.c.objc; path = AppDelegate.m; sourceTree = "<group>"; };
		63E6063E1DE2EB1200B06DF7 /* ViewController.h */ = {isa = PBXFileReference; lastKnownFileType = sourcecode.c.h; path = ViewController.h; sourceTree = "<group>"; };
		63E6063F1DE2EB1200B06DF7 /* ViewController.m */ = {isa = PBXFileReference; lastKnownFileType = sourcecode.c.objc; path = ViewController.m; sourceTree = "<group>"; };
		63E606421DE2EB1300B06DF7 /* Base */ = {isa = PBXFileReference; lastKnownFileType = file.storyboard; name = Base; path = Base.lproj/Main.storyboard; sourceTree = "<group>"; };
		63E606441DE2EB1300B06DF7 /* Assets.xcassets */ = {isa = PBXFileReference; lastKnownFileType = folder.assetcatalog; path = Assets.xcassets; sourceTree = "<group>"; };
		63E606471DE2EB1300B06DF7 /* Base */ = {isa = PBXFileReference; lastKnownFileType = file.storyboard; name = Base; path = Base.lproj/LaunchScreen.storyboard; sourceTree = "<group>"; };
		63E606491DE2EB1300B06DF7 /* Info.plist */ = {isa = PBXFileReference; lastKnownFileType = text.plist.xml; path = Info.plist; sourceTree = "<group>"; };
		63E606501DE2EB1B00B06DF7 /* MapKit.framework */ = {isa = PBXFileReference; lastKnownFileType = wrapper.framework; name = MapKit.framework; path = System/Library/Frameworks/MapKit.framework; sourceTree = SDKROOT; };
		63E606521DE2EB8500B06DF7 /* CoreLocation.framework */ = {isa = PBXFileReference; lastKnownFileType = wrapper.framework; name = CoreLocation.framework; path = System/Library/Frameworks/CoreLocation.framework; sourceTree = SDKROOT; };
/* End PBXFileReference section */

/* Begin PBXFrameworksBuildPhase section */
		63E606321DE2EB1200B06DF7 /* Frameworks */ = {
			isa = PBXFrameworksBuildPhase;
			buildActionMask = 2147483647;
			files = (
				63E606531DE2EB8500B06DF7 /* CoreLocation.framework in Frameworks */,
				63E606511DE2EB1B00B06DF7 /* MapKit.framework in Frameworks */,
			);
			runOnlyForDeploymentPostprocessing = 0;
		};
/* End PBXFrameworksBuildPhase section */

/* Begin PBXGroup section */
		63E6062C1DE2EB1200B06DF7 = {
			isa = PBXGroup;
			children = (
				63E606371DE2EB1200B06DF7 /* MapkitTest */,
				63E606361DE2EB1200B06DF7 /* Products */,
				63E6064F1DE2EB1B00B06DF7 /* Frameworks */,
			);
			sourceTree = "<group>";
		};
		63E606361DE2EB1200B06DF7 /* Products */ = {
			isa = PBXGroup;
			children = (
				63E606351DE2EB1200B06DF7 /* MapkitTest.app */,
			);
			name = Products;
			sourceTree = "<group>";
		};
		63E606371DE2EB1200B06DF7 /* MapkitTest */ = {
			isa = PBXGroup;
			children = (
				63E6063B1DE2EB1200B06DF7 /* AppDelegate.h */,
				63E6063C1DE2EB1200B06DF7 /* AppDelegate.m */,
				63E6063E1DE2EB1200B06DF7 /* ViewController.h */,
				63E6063F1DE2EB1200B06DF7 /* ViewController.m */,
				63E606411DE2EB1300B06DF7 /* Main.storyboard */,
				63E606441DE2EB1300B06DF7 /* Assets.xcassets */,
				63E606461DE2EB1300B06DF7 /* LaunchScreen.storyboard */,
				63E606491DE2EB1300B06DF7 /* Info.plist */,
				63E606381DE2EB1200B06DF7 /* Supporting Files */,
			);
			path = MapkitTest;
			sourceTree = "<group>";
		};
		63E606381DE2EB1200B06DF7 /* Supporting Files */ = {
			isa = PBXGroup;
			children = (
				63E606391DE2EB1200B06DF7 /* main.m */,
			);
			name = "Supporting Files";
			sourceTree = "<group>";
		};
		63E6064F1DE2EB1B00B06DF7 /* Frameworks */ = {
			isa = PBXGroup;
			children = (
				63E606521DE2EB8500B06DF7 /* CoreLocation.framework */,
				63E606501DE2EB1B00B06DF7 /* MapKit.framework */,
			);
			name = Frameworks;
			sourceTree = "<group>";
		};
/* End PBXGroup section */

/* Begin PBXNativeTarget section */
		63E606341DE2EB1200B06DF7 /* MapkitTest */ = {
			isa = PBXNativeTarget;
			buildConfigurationList = 63E6064C1DE2EB1300B06DF7 /* Build configuration list for PBXNativeTarget "MapkitTest" */;
			buildPhases = (
				63E606311DE2EB1200B06DF7 /* Sources */,
				63E606321DE2EB1200B06DF7 /* Frameworks */,
				63E606331DE2EB1200B06DF7 /* Resources */,
			);
			buildRules = (
			);
			dependencies = (
			);
			name = MapkitTest;
			productName = MapkitTest;
			productReference = 63E606351DE2EB1200B06DF7 /* MapkitTest.app */;
			productType = "com.apple.product-type.application";
		};
/* End PBXNativeTarget section */

/* Begin PBXProject section */
		63E6062D1DE2EB1200B06DF7 /* Project object */ = {
			isa = PBXProject;
			attributes = {
				LastUpgradeCheck = 0810;
				ORGANIZATIONNAME = david;
				TargetAttributes = {
					63E606341DE2EB1200B06DF7 = {
						CreatedOnToolsVersion = 8.1;
						ProvisioningStyle = Automatic;
					};
				};
			};
			buildConfigurationList = 63E606301DE2EB1200B06DF7 /* Build configuration list for PBXProject "MapkitTest" */;
			compatibilityVersion = "Xcode 3.2";
			developmentRegion = English;
			hasScannedForEncodings = 0;
			knownRegions = (
				en,
				Base,
			);
			mainGroup = 63E6062C1DE2EB1200B06DF7;
			productRefGroup = 63E606361DE2EB1200B06DF7 /* Products */;
			projectDirPath = "";
			projectRoot = "";
			targets = (
				63E606341DE2EB1200B06DF7 /* MapkitTest */,
			);
		};
/* End PBXProject section */

/* Begin PBXResourcesBuildPhase section */
		63E606331DE2EB1200B06DF7 /* Resources */ = {
			isa = PBXResourcesBuildPhase;
			buildActionMask = 2147483647;
			files = (
				63E606481DE2EB1300B06DF7 /* LaunchScreen.storyboard in Resources */,
				63E606451DE2EB1300B06DF7 /* Assets.xcassets in Resources */,
				63E606431DE2EB1300B06DF7 /* Main.storyboard in Resources */,
			);
			runOnlyForDeploymentPostprocessing = 0;
		};
/* End PBXResourcesBuildPhase section */

/* Begin PBXSourcesBuildPhase section */
		63E606311DE2EB1200B06DF7 /* Sources */ = {
			isa = PBXSourcesBuildPhase;
			buildActionMask = 2147483647;
			files = (
				63E606401DE2EB1200B06DF7 /* ViewController.m in Sources */,
				63E6063D1DE2EB1200B06DF7 /* AppDelegate.m in Sources */,
				63E6063A1DE2EB1200B06DF7 /* main.m in Sources */,
			);
			runOnlyForDeploymentPostprocessing = 0;
		};
/* End PBXSourcesBuildPhase section */

/* Begin PBXVariantGroup section */
		63E606411DE2EB1300B06DF7 /* Main.storyboard */ = {
			isa = PBXVariantGroup;
			children = (
				63E606421DE2EB1300B06DF7 /* Base */,
			);
			name = Main.storyboard;
			sourceTree = "<group>";
		};
		63E606461DE2EB1300B06DF7 /* LaunchScreen.storyboard */ = {
			isa = PBXVariantGroup;
			children = (
				63E606471DE2EB1300B06DF7 /* Base */,
			);
			name = LaunchScreen.storyboard;
			sourceTree = "<group>";
		};
/* End PBXVariantGroup section */

/* Begin XCBuildConfiguration section */
		63E6064A1DE2EB1300B06DF7 /* Debug */ = {
			isa = XCBuildConfiguration;
			buildSettings = {
				ALWAYS_SEARCH_USER_PATHS = NO;
				CLANG_ANALYZER_NONNULL = YES;
				CLANG_CXX_LANGUAGE_STANDARD = "gnu++0x";
				CLANG_CXX_LIBRARY = "libc++";
				CLANG_ENABLE_MODULES = YES;
				CLANG_ENABLE_OBJC_ARC = YES;
				CLANG_WARN_BOOL_CONVERSION = YES;
				CLANG_WARN_CONSTANT_CONVERSION = YES;
				CLANG_WARN_DIRECT_OBJC_ISA_USAGE = YES_ERROR;
				CLANG_WARN_DOCUMENTATION_COMMENTS = YES;
				CLANG_WARN_EMPTY_BODY = YES;
				CLANG_WARN_ENUM_CONVERSION = YES;
				CLANG_WARN_INFINITE_RECURSION = YES;
				CLANG_WARN_INT_CONVERSION = YES;
				CLANG_WARN_OBJC_ROOT_CLASS = YES_ERROR;
				CLANG_WARN_SUSPICIOUS_MOVES = YES;
				CLANG_WARN_UNREACHABLE_CODE = YES;
				CLANG_WARN__DUPLICATE_METHOD_MATCH = YES;
				"CODE_SIGN_IDENTITY[sdk=iphoneos*]" = "iPhone Developer";
				COPY_PHASE_STRIP = NO;
				DEBUG_INFORMATION_FORMAT = dwarf;
				ENABLE_STRICT_OBJC_MSGSEND = YES;
				ENABLE_TESTABILITY = YES;
				GCC_C_LANGUAGE_STANDARD = gnu99;
				GCC_DYNAMIC_NO_PIC = NO;
				GCC_NO_COMMON_BLOCKS = YES;
				GCC_OPTIMIZATION_LEVEL = 0;
				GCC_PREPROCESSOR_DEFINITIONS = (
					"DEBUG=1",
					"$(inherited)",
				);
				GCC_WARN_64_TO_32_BIT_CONVERSION = YES;
				GCC_WARN_ABOUT_RETURN_TYPE = YES_ERROR;
				GCC_WARN_UNDECLARED_SELECTOR = YES;
				GCC_WARN_UNINITIALIZED_AUTOS = YES_AGGRESSIVE;
				GCC_WARN_UNUSED_FUNCTION = YES;
				GCC_WARN_UNUSED_VARIABLE = YES;
				IPHONEOS_DEPLOYMENT_TARGET = 10.1;
				MTL_ENABLE_DEBUG_INFO = YES;
				ONLY_ACTIVE_ARCH = YES;
				SDKROOT = iphoneos;
			};
			name = Debug;
		};
		63E6064B1DE2EB1300B06DF7 /* Release */ = {
			isa = XCBuildConfiguration;
			buildSettings = {
				ALWAYS_SEARCH_USER_PATHS = NO;
				CLANG_ANALYZER_NONNULL = YES;
				CLANG_CXX_LANGUAGE_STANDARD = "gnu++0x";
				CLANG_CXX_LIBRARY = "libc++";
				CLANG_ENABLE_MODULES = YES;
				CLANG_ENABLE_OBJC_ARC = YES;
				CLANG_WARN_BOOL_CONVERSION = YES;
				CLANG_WARN_CONSTANT_CONVERSION = YES;
				CLANG_WARN_DIRECT_OBJC_ISA_USAGE = YES_ERROR;
				CLANG_WARN_DOCUMENTATION_COMMENTS = YES;
				CLANG_WARN_EMPTY_BODY = YES;
				CLANG_WARN_ENUM_CONVERSION = YES;
				CLANG_WARN_INFINITE_RECURSION = YES;
				CLANG_WARN_INT_CONVERSION = YES;
				CLANG_WARN_OBJC_ROOT_CLASS = YES_ERROR;
				CLANG_WARN_SUSPICIOUS_MOVES = YES;
				CLANG_WARN_UNREACHABLE_CODE = YES;
				CLANG_WARN__DUPLICATE_METHOD_MATCH = YES;
				"CODE_SIGN_IDENTITY[sdk=iphoneos*]" = "iPhone Developer";
				COPY_PHASE_STRIP = NO;
				DEBUG_INFORMATION_FORMAT = "dwarf-with-dsym";
				ENABLE_NS_ASSERTIONS = NO;
				ENABLE_STRICT_OBJC_MSGSEND = YES;
				GCC_C_LANGUAGE_STANDARD = gnu99;
				GCC_NO_COMMON_BLOCKS = YES;
				GCC_WARN_64_TO_32_BIT_CONVERSION = YES;
				GCC_WARN_ABOUT_RETURN_TYPE = YES_ERROR;
				GCC_WARN_UNDECLARED_SELECTOR = YES;
				GCC_WARN_UNINITIALIZED_AUTOS = YES_AGGRESSIVE;
				GCC_WARN_UNUSED_FUNCTION = YES;
				GCC_WARN_UNUSED_VARIABLE = YES;
				IPHONEOS_DEPLOYMENT_TARGET = 10.1;
				MTL_ENABLE_DEBUG_INFO = NO;
				SDKROOT = iphoneos;
				VALIDATE_PRODUCT = YES;
			};
			name = Release;
		};
		63E6064D1DE2EB1300B06DF7 /* Debug */ = {
			isa = XCBuildConfiguration;
			buildSettings = {
				ASSETCATALOG_COMPILER_APPICON_NAME = AppIcon;
				INFOPLIST_FILE = MapkitTest/Info.plist;
				LD_RUNPATH_SEARCH_PATHS = "$(inherited) @executable_path/Frameworks";
				PRODUCT_BUNDLE_IDENTIFIER = com.lyhonghwa.MapkitTest;
				PRODUCT_NAME = "$(TARGET_NAME)";
			};
			name = Debug;
		};
		63E6064E1DE2EB1300B06DF7 /* Release */ = {
			isa = XCBuildConfiguration;
			buildSettings = {
				ASSETCATALOG_COMPILER_APPICON_NAME = AppIcon;
				INFOPLIST_FILE = MapkitTest/Info.plist;
				LD_RUNPATH_SEARCH_PATHS = "$(inherited) @executable_path/Frameworks";
				PRODUCT_BUNDLE_IDENTIFIER = com.lyhonghwa.MapkitTest;
				PRODUCT_NAME = "$(TARGET_NAME)";
			};
			name = Release;
		};
/* End XCBuildConfiguration section */

/* Begin XCConfigurationList section */
		63E606301DE2EB1200B06DF7 /* Build configuration list for PBXProject "MapkitTest" */ = {
			isa = XCConfigurationList;
			buildConfigurations = (
				63E6064A1DE2EB1300B06DF7 /* Debug */,
				63E6064B1DE2EB1300B06DF7 /* Release */,
			);
			defaultConfigurationIsVisible = 0;
			defaultConfigurationName = Release;
		};
		63E6064C1DE2EB1300B06DF7 /* Build configuration list for PBXNativeTarget "MapkitTest" */ = {
			isa = XCConfigurationList;
			buildConfigurations = (
				63E6064D1DE2EB1300B06DF7 /* Debug */,
				63E6064E1DE2EB1300B06DF7 /* Release */,
			);
			defaultConfigurationIsVisible = 0;
		};
/* End XCConfigurationList section */
	};
	rootObject = 63E6062D1DE2EB1200B06DF7 /* Project object */;
}
