// !$*UTF8*$!
{
	archiveVersion = 1;
	classes = {
	};
	objectVersion = 46;
	objects = {

/* Begin PBXBuildFile section */
		6301BFD91DBD9D3E00B303D7 /* main.m in Sources */ = {isa = PBXBuildFile; fileRef = 6301BFD81DBD9D3E00B303D7 /* main.m */; };
		6301BFDC1DBD9D3E00B303D7 /* AppDelegate.m in Sources */ = {isa = PBXBuildFile; fileRef = 6301BFDB1DBD9D3E00B303D7 /* AppDelegate.m */; };
		6301BFDF1DBD9D3E00B303D7 /* ViewController.m in Sources */ = {isa = PBXBuildFile; fileRef = 6301BFDE1DBD9D3E00B303D7 /* ViewController.m */; };
		6301BFE21DBD9D3E00B303D7 /* Main.storyboard in Resources */ = {isa = PBXBuildFile; fileRef = 6301BFE01DBD9D3E00B303D7 /* Main.storyboard */; };
		6301BFE41DBD9D3E00B303D7 /* Assets.xcassets in Resources */ = {isa = PBXBuildFile; fileRef = 6301BFE31DBD9D3E00B303D7 /* Assets.xcassets */; };
		6301BFE71DBD9D3E00B303D7 /* LaunchScreen.storyboard in Resources */ = {isa = PBXBuildFile; fileRef = 6301BFE51DBD9D3E00B303D7 /* LaunchScreen.storyboard */; };
		6301BFF01DBDA4D600B303D7 /* SignupViewController.m in Sources */ = {isa = PBXBuildFile; fileRef = 6301BFEF1DBDA4D600B303D7 /* SignupViewController.m */; };
		6301BFF21DBDA5F000B303D7 /* background.png in Resources */ = {isa = PBXBuildFile; fileRef = 6301BFF11DBDA5F000B303D7 /* background.png */; };
		63379DD41DC983BF008C4C2C /* MainPageViewController.m in Sources */ = {isa = PBXBuildFile; fileRef = 63379DD31DC983BF008C4C2C /* MainPageViewController.m */; };
		63379DDB1DC9A8FB008C4C2C /* DataCenter.m in Sources */ = {isa = PBXBuildFile; fileRef = 63379DDA1DC9A8FB008C4C2C /* DataCenter.m */; };
		636891C61DCF12020094E320 /* UserData.plist in Resources */ = {isa = PBXBuildFile; fileRef = 636891C51DCF12020094E320 /* UserData.plist */; };
		63EF13911DCA16A400FAA244 /* LogoutViewController.m in Sources */ = {isa = PBXBuildFile; fileRef = 63EF13901DCA16A400FAA244 /* LogoutViewController.m */; };
/* End PBXBuildFile section */

/* Begin PBXFileReference section */
		6301BFD41DBD9D3E00B303D7 /* Login.app */ = {isa = PBXFileReference; explicitFileType = wrapper.application; includeInIndex = 0; path = Login.app; sourceTree = BUILT_PRODUCTS_DIR; };
		6301BFD81DBD9D3E00B303D7 /* main.m */ = {isa = PBXFileReference; lastKnownFileType = sourcecode.c.objc; path = main.m; sourceTree = "<group>"; };
		6301BFDA1DBD9D3E00B303D7 /* AppDelegate.h */ = {isa = PBXFileReference; lastKnownFileType = sourcecode.c.h; path = AppDelegate.h; sourceTree = "<group>"; };
		6301BFDB1DBD9D3E00B303D7 /* AppDelegate.m */ = {isa = PBXFileReference; lastKnownFileType = sourcecode.c.objc; path = AppDelegate.m; sourceTree = "<group>"; };
		6301BFDD1DBD9D3E00B303D7 /* ViewController.h */ = {isa = PBXFileReference; lastKnownFileType = sourcecode.c.h; path = ViewController.h; sourceTree = "<group>"; };
		6301BFDE1DBD9D3E00B303D7 /* ViewController.m */ = {isa = PBXFileReference; lastKnownFileType = sourcecode.c.objc; path = ViewController.m; sourceTree = "<group>"; };
		6301BFE11DBD9D3E00B303D7 /* Base */ = {isa = PBXFileReference; lastKnownFileType = file.storyboard; name = Base; path = Base.lproj/Main.storyboard; sourceTree = "<group>"; };
		6301BFE31DBD9D3E00B303D7 /* Assets.xcassets */ = {isa = PBXFileReference; lastKnownFileType = folder.assetcatalog; path = Assets.xcassets; sourceTree = "<group>"; };
		6301BFE61DBD9D3E00B303D7 /* Base */ = {isa = PBXFileReference; lastKnownFileType = file.storyboard; name = Base; path = Base.lproj/LaunchScreen.storyboard; sourceTree = "<group>"; };
		6301BFE81DBD9D3E00B303D7 /* Info.plist */ = {isa = PBXFileReference; lastKnownFileType = text.plist.xml; path = Info.plist; sourceTree = "<group>"; };
		6301BFEE1DBDA4D600B303D7 /* SignupViewController.h */ = {isa = PBXFileReference; fileEncoding = 4; lastKnownFileType = sourcecode.c.h; path = SignupViewController.h; sourceTree = "<group>"; };
		6301BFEF1DBDA4D600B303D7 /* SignupViewController.m */ = {isa = PBXFileReference; fileEncoding = 4; lastKnownFileType = sourcecode.c.objc; path = SignupViewController.m; sourceTree = "<group>"; };
		6301BFF11DBDA5F000B303D7 /* background.png */ = {isa = PBXFileReference; lastKnownFileType = image.png; name = background.png; path = ../background.png; sourceTree = "<group>"; };
		63379DD21DC983BF008C4C2C /* MainPageViewController.h */ = {isa = PBXFileReference; fileEncoding = 4; lastKnownFileType = sourcecode.c.h; path = MainPageViewController.h; sourceTree = "<group>"; };
		63379DD31DC983BF008C4C2C /* MainPageViewController.m */ = {isa = PBXFileReference; fileEncoding = 4; lastKnownFileType = sourcecode.c.objc; path = MainPageViewController.m; sourceTree = "<group>"; };
		63379DD51DC9A207008C4C2C /* PrefixHeader.pch */ = {isa = PBXFileReference; fileEncoding = 4; lastKnownFileType = sourcecode.c.h; path = PrefixHeader.pch; sourceTree = "<group>"; };
		63379DD91DC9A8FB008C4C2C /* DataCenter.h */ = {isa = PBXFileReference; fileEncoding = 4; lastKnownFileType = sourcecode.c.h; name = DataCenter.h; path = ../DataCenter.h; sourceTree = "<group>"; };
		63379DDA1DC9A8FB008C4C2C /* DataCenter.m */ = {isa = PBXFileReference; fileEncoding = 4; lastKnownFileType = sourcecode.c.objc; name = DataCenter.m; path = ../DataCenter.m; sourceTree = "<group>"; };
		636891C51DCF12020094E320 /* UserData.plist */ = {isa = PBXFileReference; fileEncoding = 4; lastKnownFileType = text.plist.xml; path = UserData.plist; sourceTree = "<group>"; };
		63EF138F1DCA16A400FAA244 /* LogoutViewController.h */ = {isa = PBXFileReference; fileEncoding = 4; lastKnownFileType = sourcecode.c.h; path = LogoutViewController.h; sourceTree = "<group>"; };
		63EF13901DCA16A400FAA244 /* LogoutViewController.m */ = {isa = PBXFileReference; fileEncoding = 4; lastKnownFileType = sourcecode.c.objc; path = LogoutViewController.m; sourceTree = "<group>"; };
/* End PBXFileReference section */

/* Begin PBXFrameworksBuildPhase section */
		6301BFD11DBD9D3E00B303D7 /* Frameworks */ = {
			isa = PBXFrameworksBuildPhase;
			buildActionMask = 2147483647;
			files = (
			);
			runOnlyForDeploymentPostprocessing = 0;
		};
/* End PBXFrameworksBuildPhase section */

/* Begin PBXGroup section */
		6301BFCB1DBD9D3E00B303D7 = {
			isa = PBXGroup;
			children = (
				6301BFD61DBD9D3E00B303D7 /* Login */,
				6301BFD51DBD9D3E00B303D7 /* Products */,
			);
			sourceTree = "<group>";
		};
		6301BFD51DBD9D3E00B303D7 /* Products */ = {
			isa = PBXGroup;
			children = (
				6301BFD41DBD9D3E00B303D7 /* Login.app */,
			);
			name = Products;
			sourceTree = "<group>";
		};
		6301BFD61DBD9D3E00B303D7 /* Login */ = {
			isa = PBXGroup;
			children = (
				6301BFF11DBDA5F000B303D7 /* background.png */,
				6301BFDA1DBD9D3E00B303D7 /* AppDelegate.h */,
				6301BFDB1DBD9D3E00B303D7 /* AppDelegate.m */,
				6301BFDD1DBD9D3E00B303D7 /* ViewController.h */,
				6301BFDE1DBD9D3E00B303D7 /* ViewController.m */,
				6301BFEE1DBDA4D600B303D7 /* SignupViewController.h */,
				6301BFEF1DBDA4D600B303D7 /* SignupViewController.m */,
				63379DD21DC983BF008C4C2C /* MainPageViewController.h */,
				63379DD31DC983BF008C4C2C /* MainPageViewController.m */,
				63EF138F1DCA16A400FAA244 /* LogoutViewController.h */,
				63EF13901DCA16A400FAA244 /* LogoutViewController.m */,
				63379DD91DC9A8FB008C4C2C /* DataCenter.h */,
				63379DDA1DC9A8FB008C4C2C /* DataCenter.m */,
				6301BFE01DBD9D3E00B303D7 /* Main.storyboard */,
				6301BFE31DBD9D3E00B303D7 /* Assets.xcassets */,
				6301BFE51DBD9D3E00B303D7 /* LaunchScreen.storyboard */,
				636891C51DCF12020094E320 /* UserData.plist */,
				6301BFE81DBD9D3E00B303D7 /* Info.plist */,
				6301BFD71DBD9D3E00B303D7 /* Supporting Files */,
			);
			path = Login;
			sourceTree = "<group>";
		};
		6301BFD71DBD9D3E00B303D7 /* Supporting Files */ = {
			isa = PBXGroup;
			children = (
				63379DD51DC9A207008C4C2C /* PrefixHeader.pch */,
				6301BFD81DBD9D3E00B303D7 /* main.m */,
			);
			name = "Supporting Files";
			sourceTree = "<group>";
		};
/* End PBXGroup section */

/* Begin PBXNativeTarget section */
		6301BFD31DBD9D3E00B303D7 /* Login */ = {
			isa = PBXNativeTarget;
			buildConfigurationList = 6301BFEB1DBD9D3E00B303D7 /* Build configuration list for PBXNativeTarget "Login" */;
			buildPhases = (
				6301BFD01DBD9D3E00B303D7 /* Sources */,
				6301BFD11DBD9D3E00B303D7 /* Frameworks */,
				6301BFD21DBD9D3E00B303D7 /* Resources */,
			);
			buildRules = (
			);
			dependencies = (
			);
			name = Login;
			productName = Login;
			productReference = 6301BFD41DBD9D3E00B303D7 /* Login.app */;
			productType = "com.apple.product-type.application";
		};
/* End PBXNativeTarget section */

/* Begin PBXProject section */
		6301BFCC1DBD9D3E00B303D7 /* Project object */ = {
			isa = PBXProject;
			attributes = {
				LastUpgradeCheck = 0810;
				ORGANIZATIONNAME = david;
				TargetAttributes = {
					6301BFD31DBD9D3E00B303D7 = {
						CreatedOnToolsVersion = 8.0;
						ProvisioningStyle = Automatic;
					};
				};
			};
			buildConfigurationList = 6301BFCF1DBD9D3E00B303D7 /* Build configuration list for PBXProject "Login" */;
			compatibilityVersion = "Xcode 3.2";
			developmentRegion = English;
			hasScannedForEncodings = 0;
			knownRegions = (
				en,
				Base,
			);
			mainGroup = 6301BFCB1DBD9D3E00B303D7;
			productRefGroup = 6301BFD51DBD9D3E00B303D7 /* Products */;
			projectDirPath = "";
			projectRoot = "";
			targets = (
				6301BFD31DBD9D3E00B303D7 /* Login */,
			);
		};
/* End PBXProject section */

/* Begin PBXResourcesBuildPhase section */
		6301BFD21DBD9D3E00B303D7 /* Resources */ = {
			isa = PBXResourcesBuildPhase;
			buildActionMask = 2147483647;
			files = (
				6301BFE71DBD9D3E00B303D7 /* LaunchScreen.storyboard in Resources */,
				6301BFF21DBDA5F000B303D7 /* background.png in Resources */,
				6301BFE41DBD9D3E00B303D7 /* Assets.xcassets in Resources */,
				636891C61DCF12020094E320 /* UserData.plist in Resources */,
				6301BFE21DBD9D3E00B303D7 /* Main.storyboard in Resources */,
			);
			runOnlyForDeploymentPostprocessing = 0;
		};
/* End PBXResourcesBuildPhase section */

/* Begin PBXSourcesBuildPhase section */
		6301BFD01DBD9D3E00B303D7 /* Sources */ = {
			isa = PBXSourcesBuildPhase;
			buildActionMask = 2147483647;
			files = (
				63379DD41DC983BF008C4C2C /* MainPageViewController.m in Sources */,
				6301BFDF1DBD9D3E00B303D7 /* ViewController.m in Sources */,
				6301BFDC1DBD9D3E00B303D7 /* AppDelegate.m in Sources */,
				6301BFF01DBDA4D600B303D7 /* SignupViewController.m in Sources */,
				63EF13911DCA16A400FAA244 /* LogoutViewController.m in Sources */,
				63379DDB1DC9A8FB008C4C2C /* DataCenter.m in Sources */,
				6301BFD91DBD9D3E00B303D7 /* main.m in Sources */,
			);
			runOnlyForDeploymentPostprocessing = 0;
		};
/* End PBXSourcesBuildPhase section */

/* Begin PBXVariantGroup section */
		6301BFE01DBD9D3E00B303D7 /* Main.storyboard */ = {
			isa = PBXVariantGroup;
			children = (
				6301BFE11DBD9D3E00B303D7 /* Base */,
			);
			name = Main.storyboard;
			sourceTree = "<group>";
		};
		6301BFE51DBD9D3E00B303D7 /* LaunchScreen.storyboard */ = {
			isa = PBXVariantGroup;
			children = (
				6301BFE61DBD9D3E00B303D7 /* Base */,
			);
			name = LaunchScreen.storyboard;
			sourceTree = "<group>";
		};
/* End PBXVariantGroup section */

/* Begin XCBuildConfiguration section */
		6301BFE91DBD9D3E00B303D7 /* Debug */ = {
			isa = XCBuildConfiguration;
			buildSettings = {
				ALWAYS_SEARCH_USER_PATHS = NO;
				CLANG_ANALYZER_NONNULL = YES;
				CLANG_CXX_LANGUAGE_STANDARD = "gnu++0x";
				CLANG_CXX_LIBRARY = "libc++";
				CLANG_ENABLE_MODULES = YES;
				CLANG_ENABLE_OBJC_ARC = YES;
				CLANG_WARN_BOOL_CONVERSION = YES;
				CLANG_WARN_CONSTANT_CONVERSION = YES;
				CLANG_WARN_DIRECT_OBJC_ISA_USAGE = YES_ERROR;
				CLANG_WARN_DOCUMENTATION_COMMENTS = YES;
				CLANG_WARN_EMPTY_BODY = YES;
				CLANG_WARN_ENUM_CONVERSION = YES;
				CLANG_WARN_INFINITE_RECURSION = YES;
				CLANG_WARN_INT_CONVERSION = YES;
				CLANG_WARN_OBJC_ROOT_CLASS = YES_ERROR;
				CLANG_WARN_SUSPICIOUS_MOVE = YES;
				CLANG_WARN_SUSPICIOUS_MOVES = YES;
				CLANG_WARN_UNREACHABLE_CODE = YES;
				CLANG_WARN__DUPLICATE_METHOD_MATCH = YES;
				"CODE_SIGN_IDENTITY[sdk=iphoneos*]" = "iPhone Developer";
				COPY_PHASE_STRIP = NO;
				DEBUG_INFORMATION_FORMAT = dwarf;
				ENABLE_STRICT_OBJC_MSGSEND = YES;
				ENABLE_TESTABILITY = YES;
				GCC_C_LANGUAGE_STANDARD = gnu99;
				GCC_DYNAMIC_NO_PIC = NO;
				GCC_NO_COMMON_BLOCKS = YES;
				GCC_OPTIMIZATION_LEVEL = 0;
				GCC_PREPROCESSOR_DEFINITIONS = (
					"DEBUG=1",
					"$(inherited)",
				);
				GCC_WARN_64_TO_32_BIT_CONVERSION = YES;
				GCC_WARN_ABOUT_RETURN_TYPE = YES_ERROR;
				GCC_WARN_UNDECLARED_SELECTOR = YES;
				GCC_WARN_UNINITIALIZED_AUTOS = YES_AGGRESSIVE;
				GCC_WARN_UNUSED_FUNCTION = YES;
				GCC_WARN_UNUSED_VARIABLE = YES;
				IPHONEOS_DEPLOYMENT_TARGET = 10.0;
				MTL_ENABLE_DEBUG_INFO = YES;
				ONLY_ACTIVE_ARCH = YES;
				SDKROOT = iphoneos;
			};
			name = Debug;
		};
		6301BFEA1DBD9D3E00B303D7 /* Release */ = {
			isa = XCBuildConfiguration;
			buildSettings = {
				ALWAYS_SEARCH_USER_PATHS = NO;
				CLANG_ANALYZER_NONNULL = YES;
				CLANG_CXX_LANGUAGE_STANDARD = "gnu++0x";
				CLANG_CXX_LIBRARY = "libc++";
				CLANG_ENABLE_MODULES = YES;
				CLANG_ENABLE_OBJC_ARC = YES;
				CLANG_WARN_BOOL_CONVERSION = YES;
				CLANG_WARN_CONSTANT_CONVERSION = YES;
				CLANG_WARN_DIRECT_OBJC_ISA_USAGE = YES_ERROR;
				CLANG_WARN_DOCUMENTATION_COMMENTS = YES;
				CLANG_WARN_EMPTY_BODY = YES;
				CLANG_WARN_ENUM_CONVERSION = YES;
				CLANG_WARN_INFINITE_RECURSION = YES;
				CLANG_WARN_INT_CONVERSION = YES;
				CLANG_WARN_OBJC_ROOT_CLASS = YES_ERROR;
				CLANG_WARN_SUSPICIOUS_MOVE = YES;
				CLANG_WARN_SUSPICIOUS_MOVES = YES;
				CLANG_WARN_UNREACHABLE_CODE = YES;
				CLANG_WARN__DUPLICATE_METHOD_MATCH = YES;
				"CODE_SIGN_IDENTITY[sdk=iphoneos*]" = "iPhone Developer";
				COPY_PHASE_STRIP = NO;
				DEBUG_INFORMATION_FORMAT = "dwarf-with-dsym";
				ENABLE_NS_ASSERTIONS = NO;
				ENABLE_STRICT_OBJC_MSGSEND = YES;
				GCC_C_LANGUAGE_STANDARD = gnu99;
				GCC_NO_COMMON_BLOCKS = YES;
				GCC_WARN_64_TO_32_BIT_CONVERSION = YES;
				GCC_WARN_ABOUT_RETURN_TYPE = YES_ERROR;
				GCC_WARN_UNDECLARED_SELECTOR = YES;
				GCC_WARN_UNINITIALIZED_AUTOS = YES_AGGRESSIVE;
				GCC_WARN_UNUSED_FUNCTION = YES;
				GCC_WARN_UNUSED_VARIABLE = YES;
				IPHONEOS_DEPLOYMENT_TARGET = 10.0;
				MTL_ENABLE_DEBUG_INFO = NO;
				SDKROOT = iphoneos;
				VALIDATE_PRODUCT = YES;
			};
			name = Release;
		};
		6301BFEC1DBD9D3E00B303D7 /* Debug */ = {
			isa = XCBuildConfiguration;
			buildSettings = {
				ASSETCATALOG_COMPILER_APPICON_NAME = AppIcon;
				GCC_PRECOMPILE_PREFIX_HEADER = YES;
				GCC_PREFIX_HEADER = "$(SRCROOT)/$(PRODUCT_NAME)/PrefixHeader.pch";
				INFOPLIST_FILE = Login/Info.plist;
				LD_RUNPATH_SEARCH_PATHS = "$(inherited) @executable_path/Frameworks";
				PRODUCT_BUNDLE_IDENTIFIER = com.lyhonghwa.Login;
				PRODUCT_NAME = "$(TARGET_NAME)";
			};
			name = Debug;
		};
		6301BFED1DBD9D3E00B303D7 /* Release */ = {
			isa = XCBuildConfiguration;
			buildSettings = {
				ASSETCATALOG_COMPILER_APPICON_NAME = AppIcon;
				GCC_PRECOMPILE_PREFIX_HEADER = YES;
				GCC_PREFIX_HEADER = "$(SRCROOT)/$(PRODUCT_NAME)/PrefixHeader.pch";
				INFOPLIST_FILE = Login/Info.plist;
				LD_RUNPATH_SEARCH_PATHS = "$(inherited) @executable_path/Frameworks";
				PRODUCT_BUNDLE_IDENTIFIER = com.lyhonghwa.Login;
				PRODUCT_NAME = "$(TARGET_NAME)";
			};
			name = Release;
		};
/* End XCBuildConfiguration section */

/* Begin XCConfigurationList section */
		6301BFCF1DBD9D3E00B303D7 /* Build configuration list for PBXProject "Login" */ = {
			isa = XCConfigurationList;
			buildConfigurations = (
				6301BFE91DBD9D3E00B303D7 /* Debug */,
				6301BFEA1DBD9D3E00B303D7 /* Release */,
			);
			defaultConfigurationIsVisible = 0;
			defaultConfigurationName = Release;
		};
		6301BFEB1DBD9D3E00B303D7 /* Build configuration list for PBXNativeTarget "Login" */ = {
			isa = XCConfigurationList;
			buildConfigurations = (
				6301BFEC1DBD9D3E00B303D7 /* Debug */,
				6301BFED1DBD9D3E00B303D7 /* Release */,
			);
			defaultConfigurationIsVisible = 0;
			defaultConfigurationName = Release;
		};
/* End XCConfigurationList section */
	};
	rootObject = 6301BFCC1DBD9D3E00B303D7 /* Project object */;
}
