// !$*UTF8*$!
{
	archiveVersion = 1;
	classes = {
	};
	objectVersion = 46;
	objects = {

/* Begin PBXBuildFile section */
		63325F201DA5EB5C00ED0747 /* main.m in Sources */ = {isa = PBXBuildFile; fileRef = 63325F1F1DA5EB5C00ED0747 /* main.m */; };
		63325F281DA5EB6C00ED0747 /* Stack.m in Sources */ = {isa = PBXBuildFile; fileRef = 63325F271DA5EB6C00ED0747 /* Stack.m */; };
		63325F2B1DA5EBBA00ED0747 /* Node.m in Sources */ = {isa = PBXBuildFile; fileRef = 63325F2A1DA5EBBA00ED0747 /* Node.m */; };
/* End PBXBuildFile section */

/* Begin PBXCopyFilesBuildPhase section */
		63325F1A1DA5EB5C00ED0747 /* CopyFiles */ = {
			isa = PBXCopyFilesBuildPhase;
			buildActionMask = 2147483647;
			dstPath = /usr/share/man/man1/;
			dstSubfolderSpec = 0;
			files = (
			);
			runOnlyForDeploymentPostprocessing = 1;
		};
/* End PBXCopyFilesBuildPhase section */

/* Begin PBXFileReference section */
		63325F1C1DA5EB5C00ED0747 /* Example1006 */ = {isa = PBXFileReference; explicitFileType = "compiled.mach-o.executable"; includeInIndex = 0; path = Example1006; sourceTree = BUILT_PRODUCTS_DIR; };
		63325F1F1DA5EB5C00ED0747 /* main.m */ = {isa = PBXFileReference; lastKnownFileType = sourcecode.c.objc; path = main.m; sourceTree = "<group>"; };
		63325F261DA5EB6C00ED0747 /* Stack.h */ = {isa = PBXFileReference; fileEncoding = 4; lastKnownFileType = sourcecode.c.h; path = Stack.h; sourceTree = "<group>"; };
		63325F271DA5EB6C00ED0747 /* Stack.m */ = {isa = PBXFileReference; fileEncoding = 4; lastKnownFileType = sourcecode.c.objc; path = Stack.m; sourceTree = "<group>"; };
		63325F291DA5EBBA00ED0747 /* Node.h */ = {isa = PBXFileReference; fileEncoding = 4; lastKnownFileType = sourcecode.c.h; path = Node.h; sourceTree = "<group>"; };
		63325F2A1DA5EBBA00ED0747 /* Node.m */ = {isa = PBXFileReference; fileEncoding = 4; lastKnownFileType = sourcecode.c.objc; path = Node.m; sourceTree = "<group>"; };
/* End PBXFileReference section */

/* Begin PBXFrameworksBuildPhase section */
		63325F191DA5EB5C00ED0747 /* Frameworks */ = {
			isa = PBXFrameworksBuildPhase;
			buildActionMask = 2147483647;
			files = (
			);
			runOnlyForDeploymentPostprocessing = 0;
		};
/* End PBXFrameworksBuildPhase section */

/* Begin PBXGroup section */
		63325F131DA5EB5C00ED0747 = {
			isa = PBXGroup;
			children = (
				63325F1E1DA5EB5C00ED0747 /* Example1006 */,
				63325F1D1DA5EB5C00ED0747 /* Products */,
			);
			sourceTree = "<group>";
		};
		63325F1D1DA5EB5C00ED0747 /* Products */ = {
			isa = PBXGroup;
			children = (
				63325F1C1DA5EB5C00ED0747 /* Example1006 */,
			);
			name = Products;
			sourceTree = "<group>";
		};
		63325F1E1DA5EB5C00ED0747 /* Example1006 */ = {
			isa = PBXGroup;
			children = (
				63325F1F1DA5EB5C00ED0747 /* main.m */,
				63325F291DA5EBBA00ED0747 /* Node.h */,
				63325F2A1DA5EBBA00ED0747 /* Node.m */,
				63325F261DA5EB6C00ED0747 /* Stack.h */,
				63325F271DA5EB6C00ED0747 /* Stack.m */,
			);
			path = Example1006;
			sourceTree = "<group>";
		};
/* End PBXGroup section */

/* Begin PBXNativeTarget section */
		63325F1B1DA5EB5C00ED0747 /* Example1006 */ = {
			isa = PBXNativeTarget;
			buildConfigurationList = 63325F231DA5EB5C00ED0747 /* Build configuration list for PBXNativeTarget "Example1006" */;
			buildPhases = (
				63325F181DA5EB5C00ED0747 /* Sources */,
				63325F191DA5EB5C00ED0747 /* Frameworks */,
				63325F1A1DA5EB5C00ED0747 /* CopyFiles */,
			);
			buildRules = (
			);
			dependencies = (
			);
			name = Example1006;
			productName = Example1006;
			productReference = 63325F1C1DA5EB5C00ED0747 /* Example1006 */;
			productType = "com.apple.product-type.tool";
		};
/* End PBXNativeTarget section */

/* Begin PBXProject section */
		63325F141DA5EB5C00ED0747 /* Project object */ = {
			isa = PBXProject;
			attributes = {
				LastUpgradeCheck = 0800;
				ORGANIZATIONNAME = david;
				TargetAttributes = {
					63325F1B1DA5EB5C00ED0747 = {
						CreatedOnToolsVersion = 8.0;
						ProvisioningStyle = Automatic;
					};
				};
			};
			buildConfigurationList = 63325F171DA5EB5C00ED0747 /* Build configuration list for PBXProject "Example1006" */;
			compatibilityVersion = "Xcode 3.2";
			developmentRegion = English;
			hasScannedForEncodings = 0;
			knownRegions = (
				en,
			);
			mainGroup = 63325F131DA5EB5C00ED0747;
			productRefGroup = 63325F1D1DA5EB5C00ED0747 /* Products */;
			projectDirPath = "";
			projectRoot = "";
			targets = (
				63325F1B1DA5EB5C00ED0747 /* Example1006 */,
			);
		};
/* End PBXProject section */

/* Begin PBXSourcesBuildPhase section */
		63325F181DA5EB5C00ED0747 /* Sources */ = {
			isa = PBXSourcesBuildPhase;
			buildActionMask = 2147483647;
			files = (
				63325F281DA5EB6C00ED0747 /* Stack.m in Sources */,
				63325F201DA5EB5C00ED0747 /* main.m in Sources */,
				63325F2B1DA5EBBA00ED0747 /* Node.m in Sources */,
			);
			runOnlyForDeploymentPostprocessing = 0;
		};
/* End PBXSourcesBuildPhase section */

/* Begin XCBuildConfiguration section */
		63325F211DA5EB5C00ED0747 /* Debug */ = {
			isa = XCBuildConfiguration;
			buildSettings = {
				ALWAYS_SEARCH_USER_PATHS = NO;
				CLANG_ANALYZER_NONNULL = YES;
				CLANG_CXX_LANGUAGE_STANDARD = "gnu++0x";
				CLANG_CXX_LIBRARY = "libc++";
				CLANG_ENABLE_MODULES = YES;
				CLANG_ENABLE_OBJC_ARC = YES;
				CLANG_WARN_BOOL_CONVERSION = YES;
				CLANG_WARN_CONSTANT_CONVERSION = YES;
				CLANG_WARN_DIRECT_OBJC_ISA_USAGE = YES_ERROR;
				CLANG_WARN_DOCUMENTATION_COMMENTS = YES;
				CLANG_WARN_EMPTY_BODY = YES;
				CLANG_WARN_ENUM_CONVERSION = YES;
				CLANG_WARN_INFINITE_RECURSION = YES;
				CLANG_WARN_INT_CONVERSION = YES;
				CLANG_WARN_OBJC_ROOT_CLASS = YES_ERROR;
				CLANG_WARN_SUSPICIOUS_MOVES = YES;
				CLANG_WARN_UNREACHABLE_CODE = YES;
				CLANG_WARN__DUPLICATE_METHOD_MATCH = YES;
				CODE_SIGN_IDENTITY = "-";
				COPY_PHASE_STRIP = NO;
				DEBUG_INFORMATION_FORMAT = dwarf;
				ENABLE_STRICT_OBJC_MSGSEND = YES;
				ENABLE_TESTABILITY = YES;
				GCC_C_LANGUAGE_STANDARD = gnu99;
				GCC_DYNAMIC_NO_PIC = NO;
				GCC_NO_COMMON_BLOCKS = YES;
				GCC_OPTIMIZATION_LEVEL = 0;
				GCC_PREPROCESSOR_DEFINITIONS = (
					"DEBUG=1",
					"$(inherited)",
				);
				GCC_WARN_64_TO_32_BIT_CONVERSION = YES;
				GCC_WARN_ABOUT_RETURN_TYPE = YES_ERROR;
				GCC_WARN_UNDECLARED_SELECTOR = YES;
				GCC_WARN_UNINITIALIZED_AUTOS = YES_AGGRESSIVE;
				GCC_WARN_UNUSED_FUNCTION = YES;
				GCC_WARN_UNUSED_VARIABLE = YES;
				MACOSX_DEPLOYMENT_TARGET = 10.11;
				MTL_ENABLE_DEBUG_INFO = YES;
				ONLY_ACTIVE_ARCH = YES;
				SDKROOT = macosx;
			};
			name = Debug;
		};
		63325F221DA5EB5C00ED0747 /* Release */ = {
			isa = XCBuildConfiguration;
			buildSettings = {
				ALWAYS_SEARCH_USER_PATHS = NO;
				CLANG_ANALYZER_NONNULL = YES;
				CLANG_CXX_LANGUAGE_STANDARD = "gnu++0x";
				CLANG_CXX_LIBRARY = "libc++";
				CLANG_ENABLE_MODULES = YES;
				CLANG_ENABLE_OBJC_ARC = YES;
				CLANG_WARN_BOOL_CONVERSION = YES;
				CLANG_WARN_CONSTANT_CONVERSION = YES;
				CLANG_WARN_DIRECT_OBJC_ISA_USAGE = YES_ERROR;
				CLANG_WARN_DOCUMENTATION_COMMENTS = YES;
				CLANG_WARN_EMPTY_BODY = YES;
				CLANG_WARN_ENUM_CONVERSION = YES;
				CLANG_WARN_INFINITE_RECURSION = YES;
				CLANG_WARN_INT_CONVERSION = YES;
				CLANG_WARN_OBJC_ROOT_CLASS = YES_ERROR;
				CLANG_WARN_SUSPICIOUS_MOVES = YES;
				CLANG_WARN_UNREACHABLE_CODE = YES;
				CLANG_WARN__DUPLICATE_METHOD_MATCH = YES;
				CODE_SIGN_IDENTITY = "-";
				COPY_PHASE_STRIP = NO;
				DEBUG_INFORMATION_FORMAT = "dwarf-with-dsym";
				ENABLE_NS_ASSERTIONS = NO;
				ENABLE_STRICT_OBJC_MSGSEND = YES;
				GCC_C_LANGUAGE_STANDARD = gnu99;
				GCC_NO_COMMON_BLOCKS = YES;
				GCC_WARN_64_TO_32_BIT_CONVERSION = YES;
				GCC_WARN_ABOUT_RETURN_TYPE = YES_ERROR;
				GCC_WARN_UNDECLARED_SELECTOR = YES;
				GCC_WARN_UNINITIALIZED_AUTOS = YES_AGGRESSIVE;
				GCC_WARN_UNUSED_FUNCTION = YES;
				GCC_WARN_UNUSED_VARIABLE = YES;
				MACOSX_DEPLOYMENT_TARGET = 10.11;
				MTL_ENABLE_DEBUG_INFO = NO;
				SDKROOT = macosx;
			};
			name = Release;
		};
		63325F241DA5EB5C00ED0747 /* Debug */ = {
			isa = XCBuildConfiguration;
			buildSettings = {
				PRODUCT_NAME = "$(TARGET_NAME)";
			};
			name = Debug;
		};
		63325F251DA5EB5C00ED0747 /* Release */ = {
			isa = XCBuildConfiguration;
			buildSettings = {
				PRODUCT_NAME = "$(TARGET_NAME)";
			};
			name = Release;
		};
/* End XCBuildConfiguration section */

/* Begin XCConfigurationList section */
		63325F171DA5EB5C00ED0747 /* Build configuration list for PBXProject "Example1006" */ = {
			isa = XCConfigurationList;
			buildConfigurations = (
				63325F211DA5EB5C00ED0747 /* Debug */,
				63325F221DA5EB5C00ED0747 /* Release */,
			);
			defaultConfigurationIsVisible = 0;
			defaultConfigurationName = Release;
		};
		63325F231DA5EB5C00ED0747 /* Build configuration list for PBXNativeTarget "Example1006" */ = {
			isa = XCConfigurationList;
			buildConfigurations = (
				63325F241DA5EB5C00ED0747 /* Debug */,
				63325F251DA5EB5C00ED0747 /* Release */,
			);
			defaultConfigurationIsVisible = 0;
		};
/* End XCConfigurationList section */
	};
	rootObject = 63325F141DA5EB5C00ED0747 /* Project object */;
}
