// !$*UTF8*$!
{
	archiveVersion = 1;
	classes = {
	};
	objectVersion = 46;
	objects = {

/* Begin PBXBuildFile section */
		6301DB4B1DB0C987005508E2 /* main.m in Sources */ = {isa = PBXBuildFile; fileRef = 6301DB4A1DB0C987005508E2 /* main.m */; };
		6301DB4E1DB0C987005508E2 /* AppDelegate.m in Sources */ = {isa = PBXBuildFile; fileRef = 6301DB4D1DB0C987005508E2 /* AppDelegate.m */; };
		6301DB511DB0C987005508E2 /* ViewController.m in Sources */ = {isa = PBXBuildFile; fileRef = 6301DB501DB0C987005508E2 /* ViewController.m */; };
		6301DB541DB0C987005508E2 /* Main.storyboard in Resources */ = {isa = PBXBuildFile; fileRef = 6301DB521DB0C987005508E2 /* Main.storyboard */; };
		6301DB561DB0C987005508E2 /* Assets.xcassets in Resources */ = {isa = PBXBuildFile; fileRef = 6301DB551DB0C987005508E2 /* Assets.xcassets */; };
		6301DB591DB0C987005508E2 /* LaunchScreen.storyboard in Resources */ = {isa = PBXBuildFile; fileRef = 6301DB571DB0C987005508E2 /* LaunchScreen.storyboard */; };
		636AA4661DB0FE1E009DB504 /* CarCell.m in Sources */ = {isa = PBXBuildFile; fileRef = 636AA4651DB0FE1E009DB504 /* CarCell.m */; };
		636AA46D1DB10B34009DB504 /* bmw.jpg in Resources */ = {isa = PBXBuildFile; fileRef = 636AA4671DB10B34009DB504 /* bmw.jpg */; };
		636AA46E1DB10B34009DB504 /* ford.jpg in Resources */ = {isa = PBXBuildFile; fileRef = 636AA4681DB10B34009DB504 /* ford.jpg */; };
		636AA46F1DB10B34009DB504 /* honda.jpg in Resources */ = {isa = PBXBuildFile; fileRef = 636AA4691DB10B34009DB504 /* honda.jpg */; };
		636AA4701DB10B34009DB504 /* jaguar.jpg in Resources */ = {isa = PBXBuildFile; fileRef = 636AA46A1DB10B34009DB504 /* jaguar.jpg */; };
		636AA4711DB10B34009DB504 /* lambo.jpg in Resources */ = {isa = PBXBuildFile; fileRef = 636AA46B1DB10B34009DB504 /* lambo.jpg */; };
		636AA4721DB10B34009DB504 /* tesla.jpg in Resources */ = {isa = PBXBuildFile; fileRef = 636AA46C1DB10B34009DB504 /* tesla.jpg */; };
/* End PBXBuildFile section */

/* Begin PBXFileReference section */
		6301DB461DB0C987005508E2 /* ExampleCustomTableView_1014.app */ = {isa = PBXFileReference; explicitFileType = wrapper.application; includeInIndex = 0; path = ExampleCustomTableView_1014.app; sourceTree = BUILT_PRODUCTS_DIR; };
		6301DB4A1DB0C987005508E2 /* main.m */ = {isa = PBXFileReference; lastKnownFileType = sourcecode.c.objc; path = main.m; sourceTree = "<group>"; };
		6301DB4C1DB0C987005508E2 /* AppDelegate.h */ = {isa = PBXFileReference; lastKnownFileType = sourcecode.c.h; path = AppDelegate.h; sourceTree = "<group>"; };
		6301DB4D1DB0C987005508E2 /* AppDelegate.m */ = {isa = PBXFileReference; lastKnownFileType = sourcecode.c.objc; path = AppDelegate.m; sourceTree = "<group>"; };
		6301DB4F1DB0C987005508E2 /* ViewController.h */ = {isa = PBXFileReference; lastKnownFileType = sourcecode.c.h; path = ViewController.h; sourceTree = "<group>"; };
		6301DB501DB0C987005508E2 /* ViewController.m */ = {isa = PBXFileReference; lastKnownFileType = sourcecode.c.objc; path = ViewController.m; sourceTree = "<group>"; };
		6301DB531DB0C987005508E2 /* Base */ = {isa = PBXFileReference; lastKnownFileType = file.storyboard; name = Base; path = Base.lproj/Main.storyboard; sourceTree = "<group>"; };
		6301DB551DB0C987005508E2 /* Assets.xcassets */ = {isa = PBXFileReference; lastKnownFileType = folder.assetcatalog; path = Assets.xcassets; sourceTree = "<group>"; };
		6301DB581DB0C987005508E2 /* Base */ = {isa = PBXFileReference; lastKnownFileType = file.storyboard; name = Base; path = Base.lproj/LaunchScreen.storyboard; sourceTree = "<group>"; };
		6301DB5A1DB0C987005508E2 /* Info.plist */ = {isa = PBXFileReference; lastKnownFileType = text.plist.xml; path = Info.plist; sourceTree = "<group>"; };
		636AA4641DB0FE1E009DB504 /* CarCell.h */ = {isa = PBXFileReference; fileEncoding = 4; lastKnownFileType = sourcecode.c.h; path = CarCell.h; sourceTree = "<group>"; };
		636AA4651DB0FE1E009DB504 /* CarCell.m */ = {isa = PBXFileReference; fileEncoding = 4; lastKnownFileType = sourcecode.c.objc; path = CarCell.m; sourceTree = "<group>"; };
		636AA4671DB10B34009DB504 /* bmw.jpg */ = {isa = PBXFileReference; lastKnownFileType = image.jpeg; path = bmw.jpg; sourceTree = "<group>"; };
		636AA4681DB10B34009DB504 /* ford.jpg */ = {isa = PBXFileReference; lastKnownFileType = image.jpeg; path = ford.jpg; sourceTree = "<group>"; };
		636AA4691DB10B34009DB504 /* honda.jpg */ = {isa = PBXFileReference; lastKnownFileType = image.jpeg; path = honda.jpg; sourceTree = "<group>"; };
		636AA46A1DB10B34009DB504 /* jaguar.jpg */ = {isa = PBXFileReference; lastKnownFileType = image.jpeg; path = jaguar.jpg; sourceTree = "<group>"; };
		636AA46B1DB10B34009DB504 /* lambo.jpg */ = {isa = PBXFileReference; lastKnownFileType = image.jpeg; path = lambo.jpg; sourceTree = "<group>"; };
		636AA46C1DB10B34009DB504 /* tesla.jpg */ = {isa = PBXFileReference; lastKnownFileType = image.jpeg; path = tesla.jpg; sourceTree = "<group>"; };
/* End PBXFileReference section */

/* Begin PBXFrameworksBuildPhase section */
		6301DB431DB0C987005508E2 /* Frameworks */ = {
			isa = PBXFrameworksBuildPhase;
			buildActionMask = 2147483647;
			files = (
			);
			runOnlyForDeploymentPostprocessing = 0;
		};
/* End PBXFrameworksBuildPhase section */

/* Begin PBXGroup section */
		6301DB3D1DB0C987005508E2 = {
			isa = PBXGroup;
			children = (
				6301DB481DB0C987005508E2 /* ExampleCustomTableView_1014 */,
				6301DB471DB0C987005508E2 /* Products */,
			);
			sourceTree = "<group>";
		};
		6301DB471DB0C987005508E2 /* Products */ = {
			isa = PBXGroup;
			children = (
				6301DB461DB0C987005508E2 /* ExampleCustomTableView_1014.app */,
			);
			name = Products;
			sourceTree = "<group>";
		};
		6301DB481DB0C987005508E2 /* ExampleCustomTableView_1014 */ = {
			isa = PBXGroup;
			children = (
				636AA4731DB10B38009DB504 /* car */,
				6301DB4C1DB0C987005508E2 /* AppDelegate.h */,
				6301DB4D1DB0C987005508E2 /* AppDelegate.m */,
				6301DB4F1DB0C987005508E2 /* ViewController.h */,
				6301DB501DB0C987005508E2 /* ViewController.m */,
				636AA4641DB0FE1E009DB504 /* CarCell.h */,
				636AA4651DB0FE1E009DB504 /* CarCell.m */,
				6301DB521DB0C987005508E2 /* Main.storyboard */,
				6301DB551DB0C987005508E2 /* Assets.xcassets */,
				6301DB571DB0C987005508E2 /* LaunchScreen.storyboard */,
				6301DB5A1DB0C987005508E2 /* Info.plist */,
				6301DB491DB0C987005508E2 /* Supporting Files */,
			);
			path = ExampleCustomTableView_1014;
			sourceTree = "<group>";
		};
		6301DB491DB0C987005508E2 /* Supporting Files */ = {
			isa = PBXGroup;
			children = (
				6301DB4A1DB0C987005508E2 /* main.m */,
			);
			name = "Supporting Files";
			sourceTree = "<group>";
		};
		636AA4731DB10B38009DB504 /* car */ = {
			isa = PBXGroup;
			children = (
				636AA4671DB10B34009DB504 /* bmw.jpg */,
				636AA4681DB10B34009DB504 /* ford.jpg */,
				636AA4691DB10B34009DB504 /* honda.jpg */,
				636AA46A1DB10B34009DB504 /* jaguar.jpg */,
				636AA46B1DB10B34009DB504 /* lambo.jpg */,
				636AA46C1DB10B34009DB504 /* tesla.jpg */,
			);
			name = car;
			sourceTree = "<group>";
		};
/* End PBXGroup section */

/* Begin PBXNativeTarget section */
		6301DB451DB0C987005508E2 /* ExampleCustomTableView_1014 */ = {
			isa = PBXNativeTarget;
			buildConfigurationList = 6301DB5D1DB0C987005508E2 /* Build configuration list for PBXNativeTarget "ExampleCustomTableView_1014" */;
			buildPhases = (
				6301DB421DB0C987005508E2 /* Sources */,
				6301DB431DB0C987005508E2 /* Frameworks */,
				6301DB441DB0C987005508E2 /* Resources */,
			);
			buildRules = (
			);
			dependencies = (
			);
			name = ExampleCustomTableView_1014;
			productName = ExampleCustomTableView_1014;
			productReference = 6301DB461DB0C987005508E2 /* ExampleCustomTableView_1014.app */;
			productType = "com.apple.product-type.application";
		};
/* End PBXNativeTarget section */

/* Begin PBXProject section */
		6301DB3E1DB0C987005508E2 /* Project object */ = {
			isa = PBXProject;
			attributes = {
				LastUpgradeCheck = 0800;
				ORGANIZATIONNAME = david;
				TargetAttributes = {
					6301DB451DB0C987005508E2 = {
						CreatedOnToolsVersion = 8.0;
						ProvisioningStyle = Automatic;
					};
				};
			};
			buildConfigurationList = 6301DB411DB0C987005508E2 /* Build configuration list for PBXProject "ExampleCustomTableView_1014" */;
			compatibilityVersion = "Xcode 3.2";
			developmentRegion = English;
			hasScannedForEncodings = 0;
			knownRegions = (
				en,
				Base,
			);
			mainGroup = 6301DB3D1DB0C987005508E2;
			productRefGroup = 6301DB471DB0C987005508E2 /* Products */;
			projectDirPath = "";
			projectRoot = "";
			targets = (
				6301DB451DB0C987005508E2 /* ExampleCustomTableView_1014 */,
			);
		};
/* End PBXProject section */

/* Begin PBXResourcesBuildPhase section */
		6301DB441DB0C987005508E2 /* Resources */ = {
			isa = PBXResourcesBuildPhase;
			buildActionMask = 2147483647;
			files = (
				636AA46D1DB10B34009DB504 /* bmw.jpg in Resources */,
				636AA46E1DB10B34009DB504 /* ford.jpg in Resources */,
				636AA4701DB10B34009DB504 /* jaguar.jpg in Resources */,
				636AA4711DB10B34009DB504 /* lambo.jpg in Resources */,
				6301DB591DB0C987005508E2 /* LaunchScreen.storyboard in Resources */,
				6301DB561DB0C987005508E2 /* Assets.xcassets in Resources */,
				636AA46F1DB10B34009DB504 /* honda.jpg in Resources */,
				6301DB541DB0C987005508E2 /* Main.storyboard in Resources */,
				636AA4721DB10B34009DB504 /* tesla.jpg in Resources */,
			);
			runOnlyForDeploymentPostprocessing = 0;
		};
/* End PBXResourcesBuildPhase section */

/* Begin PBXSourcesBuildPhase section */
		6301DB421DB0C987005508E2 /* Sources */ = {
			isa = PBXSourcesBuildPhase;
			buildActionMask = 2147483647;
			files = (
				6301DB511DB0C987005508E2 /* ViewController.m in Sources */,
				6301DB4E1DB0C987005508E2 /* AppDelegate.m in Sources */,
				636AA4661DB0FE1E009DB504 /* CarCell.m in Sources */,
				6301DB4B1DB0C987005508E2 /* main.m in Sources */,
			);
			runOnlyForDeploymentPostprocessing = 0;
		};
/* End PBXSourcesBuildPhase section */

/* Begin PBXVariantGroup section */
		6301DB521DB0C987005508E2 /* Main.storyboard */ = {
			isa = PBXVariantGroup;
			children = (
				6301DB531DB0C987005508E2 /* Base */,
			);
			name = Main.storyboard;
			sourceTree = "<group>";
		};
		6301DB571DB0C987005508E2 /* LaunchScreen.storyboard */ = {
			isa = PBXVariantGroup;
			children = (
				6301DB581DB0C987005508E2 /* Base */,
			);
			name = LaunchScreen.storyboard;
			sourceTree = "<group>";
		};
/* End PBXVariantGroup section */

/* Begin XCBuildConfiguration section */
		6301DB5B1DB0C987005508E2 /* Debug */ = {
			isa = XCBuildConfiguration;
			buildSettings = {
				ALWAYS_SEARCH_USER_PATHS = NO;
				CLANG_ANALYZER_NONNULL = YES;
				CLANG_CXX_LANGUAGE_STANDARD = "gnu++0x";
				CLANG_CXX_LIBRARY = "libc++";
				CLANG_ENABLE_MODULES = YES;
				CLANG_ENABLE_OBJC_ARC = YES;
				CLANG_WARN_BOOL_CONVERSION = YES;
				CLANG_WARN_CONSTANT_CONVERSION = YES;
				CLANG_WARN_DIRECT_OBJC_ISA_USAGE = YES_ERROR;
				CLANG_WARN_DOCUMENTATION_COMMENTS = YES;
				CLANG_WARN_EMPTY_BODY = YES;
				CLANG_WARN_ENUM_CONVERSION = YES;
				CLANG_WARN_INFINITE_RECURSION = YES;
				CLANG_WARN_INT_CONVERSION = YES;
				CLANG_WARN_OBJC_ROOT_CLASS = YES_ERROR;
				CLANG_WARN_SUSPICIOUS_MOVES = YES;
				CLANG_WARN_UNREACHABLE_CODE = YES;
				CLANG_WARN__DUPLICATE_METHOD_MATCH = YES;
				"CODE_SIGN_IDENTITY[sdk=iphoneos*]" = "iPhone Developer";
				COPY_PHASE_STRIP = NO;
				DEBUG_INFORMATION_FORMAT = dwarf;
				ENABLE_STRICT_OBJC_MSGSEND = YES;
				ENABLE_TESTABILITY = YES;
				GCC_C_LANGUAGE_STANDARD = gnu99;
				GCC_DYNAMIC_NO_PIC = NO;
				GCC_NO_COMMON_BLOCKS = YES;
				GCC_OPTIMIZATION_LEVEL = 0;
				GCC_PREPROCESSOR_DEFINITIONS = (
					"DEBUG=1",
					"$(inherited)",
				);
				GCC_WARN_64_TO_32_BIT_CONVERSION = YES;
				GCC_WARN_ABOUT_RETURN_TYPE = YES_ERROR;
				GCC_WARN_UNDECLARED_SELECTOR = YES;
				GCC_WARN_UNINITIALIZED_AUTOS = YES_AGGRESSIVE;
				GCC_WARN_UNUSED_FUNCTION = YES;
				GCC_WARN_UNUSED_VARIABLE = YES;
				IPHONEOS_DEPLOYMENT_TARGET = 10.0;
				MTL_ENABLE_DEBUG_INFO = YES;
				ONLY_ACTIVE_ARCH = YES;
				SDKROOT = iphoneos;
			};
			name = Debug;
		};
		6301DB5C1DB0C987005508E2 /* Release */ = {
			isa = XCBuildConfiguration;
			buildSettings = {
				ALWAYS_SEARCH_USER_PATHS = NO;
				CLANG_ANALYZER_NONNULL = YES;
				CLANG_CXX_LANGUAGE_STANDARD = "gnu++0x";
				CLANG_CXX_LIBRARY = "libc++";
				CLANG_ENABLE_MODULES = YES;
				CLANG_ENABLE_OBJC_ARC = YES;
				CLANG_WARN_BOOL_CONVERSION = YES;
				CLANG_WARN_CONSTANT_CONVERSION = YES;
				CLANG_WARN_DIRECT_OBJC_ISA_USAGE = YES_ERROR;
				CLANG_WARN_DOCUMENTATION_COMMENTS = YES;
				CLANG_WARN_EMPTY_BODY = YES;
				CLANG_WARN_ENUM_CONVERSION = YES;
				CLANG_WARN_INFINITE_RECURSION = YES;
				CLANG_WARN_INT_CONVERSION = YES;
				CLANG_WARN_OBJC_ROOT_CLASS = YES_ERROR;
				CLANG_WARN_SUSPICIOUS_MOVES = YES;
				CLANG_WARN_UNREACHABLE_CODE = YES;
				CLANG_WARN__DUPLICATE_METHOD_MATCH = YES;
				"CODE_SIGN_IDENTITY[sdk=iphoneos*]" = "iPhone Developer";
				COPY_PHASE_STRIP = NO;
				DEBUG_INFORMATION_FORMAT = "dwarf-with-dsym";
				ENABLE_NS_ASSERTIONS = NO;
				ENABLE_STRICT_OBJC_MSGSEND = YES;
				GCC_C_LANGUAGE_STANDARD = gnu99;
				GCC_NO_COMMON_BLOCKS = YES;
				GCC_WARN_64_TO_32_BIT_CONVERSION = YES;
				GCC_WARN_ABOUT_RETURN_TYPE = YES_ERROR;
				GCC_WARN_UNDECLARED_SELECTOR = YES;
				GCC_WARN_UNINITIALIZED_AUTOS = YES_AGGRESSIVE;
				GCC_WARN_UNUSED_FUNCTION = YES;
				GCC_WARN_UNUSED_VARIABLE = YES;
				IPHONEOS_DEPLOYMENT_TARGET = 10.0;
				MTL_ENABLE_DEBUG_INFO = NO;
				SDKROOT = iphoneos;
				VALIDATE_PRODUCT = YES;
			};
			name = Release;
		};
		6301DB5E1DB0C987005508E2 /* Debug */ = {
			isa = XCBuildConfiguration;
			buildSettings = {
				ASSETCATALOG_COMPILER_APPICON_NAME = AppIcon;
				INFOPLIST_FILE = ExampleCustomTableView_1014/Info.plist;
				LD_RUNPATH_SEARCH_PATHS = "$(inherited) @executable_path/Frameworks";
				PRODUCT_BUNDLE_IDENTIFIER = "com.lyhonghwa.ExampleCustomTableView-1014";
				PRODUCT_NAME = "$(TARGET_NAME)";
			};
			name = Debug;
		};
		6301DB5F1DB0C987005508E2 /* Release */ = {
			isa = XCBuildConfiguration;
			buildSettings = {
				ASSETCATALOG_COMPILER_APPICON_NAME = AppIcon;
				INFOPLIST_FILE = ExampleCustomTableView_1014/Info.plist;
				LD_RUNPATH_SEARCH_PATHS = "$(inherited) @executable_path/Frameworks";
				PRODUCT_BUNDLE_IDENTIFIER = "com.lyhonghwa.ExampleCustomTableView-1014";
				PRODUCT_NAME = "$(TARGET_NAME)";
			};
			name = Release;
		};
/* End XCBuildConfiguration section */

/* Begin XCConfigurationList section */
		6301DB411DB0C987005508E2 /* Build configuration list for PBXProject "ExampleCustomTableView_1014" */ = {
			isa = XCConfigurationList;
			buildConfigurations = (
				6301DB5B1DB0C987005508E2 /* Debug */,
				6301DB5C1DB0C987005508E2 /* Release */,
			);
			defaultConfigurationIsVisible = 0;
			defaultConfigurationName = Release;
		};
		6301DB5D1DB0C987005508E2 /* Build configuration list for PBXNativeTarget "ExampleCustomTableView_1014" */ = {
			isa = XCConfigurationList;
			buildConfigurations = (
				6301DB5E1DB0C987005508E2 /* Debug */,
				6301DB5F1DB0C987005508E2 /* Release */,
			);
			defaultConfigurationIsVisible = 0;
			defaultConfigurationName = Release;
		};
/* End XCConfigurationList section */
	};
	rootObject = 6301DB3E1DB0C987005508E2 /* Project object */;
}
